// !$*UTF8*$!
{
	archiveVersion = 1;
	classes = {
	};
	objectVersion = 46;
	objects = {

/* Begin PBXBuildFile section */
		A91890B71B6CE866005CA6B3 /* ImageCache.swift in Sources */ = {isa = PBXBuildFile; fileRef = A91890B61B6CE866005CA6B3 /* ImageCache.swift */; };
		A9232F8F1C2D669C00232118 /* NumberExtensions.swift in Sources */ = {isa = PBXBuildFile; fileRef = A9232F8E1C2D669C00232118 /* NumberExtensions.swift */; };
		A92424A71BF3519E00175774 /* BaseOperation.swift in Sources */ = {isa = PBXBuildFile; fileRef = A92424A61BF3519E00175774 /* BaseOperation.swift */; };
		A924A58A1C32982400181C17 /* DateTest.swift in Sources */ = {isa = PBXBuildFile; fileRef = A924A5891C32982400181C17 /* DateTest.swift */; };
		A927F5AC1CC62893009A025E /* ForegroundNotification.swift in Sources */ = {isa = PBXBuildFile; fileRef = A927F5AB1CC62893009A025E /* ForegroundNotification.swift */; };
		A927F5AE1CC6300E009A025E /* CurrentLocationFinder.swift in Sources */ = {isa = PBXBuildFile; fileRef = A927F5AD1CC6300E009A025E /* CurrentLocationFinder.swift */; };
		A92BE2691BEC9E3200AF5B6E /* LocalNotification.swift in Sources */ = {isa = PBXBuildFile; fileRef = A92BE2681BEC9E3200AF5B6E /* LocalNotification.swift */; };
		A92CC47E1B3BF55500593257 /* LocalExtensions.swift in Sources */ = {isa = PBXBuildFile; fileRef = A92CC47D1B3BF55500593257 /* LocalExtensions.swift */; };
		A93479591BDF75770069B2BC /* StringBuilder.swift in Sources */ = {isa = PBXBuildFile; fileRef = A93479581BDF75770069B2BC /* StringBuilder.swift */; };
		A934795B1BDF7B450069B2BC /* StringBuilderTest.swift in Sources */ = {isa = PBXBuildFile; fileRef = A934795A1BDF7B450069B2BC /* StringBuilderTest.swift */; };
		A93FB8931B3244FE0017E3E9 /* StringExtensions.swift in Sources */ = {isa = PBXBuildFile; fileRef = A93FB8921B3244FE0017E3E9 /* StringExtensions.swift */; };
		A93FB8951B3245DD0017E3E9 /* StringTests.swift in Sources */ = {isa = PBXBuildFile; fileRef = A93FB8941B3245DD0017E3E9 /* StringTests.swift */; };
		A942A98C1A9F251800C69271 /* SpearSwiftLib.h in Headers */ = {isa = PBXBuildFile; fileRef = A942A98B1A9F251800C69271 /* SpearSwiftLib.h */; settings = {ATTRIBUTES = (Public, ); }; };
		A942A9921A9F251900C69271 /* SpearSwiftLib.framework in Frameworks */ = {isa = PBXBuildFile; fileRef = A942A9861A9F251800C69271 /* SpearSwiftLib.framework */; };
		A942A9991A9F251900C69271 /* SpearSwiftLibTests.swift in Sources */ = {isa = PBXBuildFile; fileRef = A942A9981A9F251900C69271 /* SpearSwiftLibTests.swift */; };
		A942A9A31A9F252F00C69271 /* Shuffle.swift in Sources */ = {isa = PBXBuildFile; fileRef = A942A9A21A9F252F00C69271 /* Shuffle.swift */; };
		A95F04F41D3C17B2001DE4EF /* AES256CBC.swift in Sources */ = {isa = PBXBuildFile; fileRef = A95F04ED1D3C17B2001DE4EF /* AES256CBC.swift */; };
		A95F04F51D3C17B2001DE4EF /* BaseDestination.swift in Sources */ = {isa = PBXBuildFile; fileRef = A95F04EE1D3C17B2001DE4EF /* BaseDestination.swift */; };
		A95F04F61D3C17B2001DE4EF /* ConsoleDestination.swift in Sources */ = {isa = PBXBuildFile; fileRef = A95F04EF1D3C17B2001DE4EF /* ConsoleDestination.swift */; };
		A95F04F71D3C17B2001DE4EF /* FileDestination.swift in Sources */ = {isa = PBXBuildFile; fileRef = A95F04F01D3C17B2001DE4EF /* FileDestination.swift */; };
		A95F04F81D3C17B2001DE4EF /* Filter.swift in Sources */ = {isa = PBXBuildFile; fileRef = A95F04F11D3C17B2001DE4EF /* Filter.swift */; };
		A95F04F91D3C17B2001DE4EF /* SBPlatformDestination.swift in Sources */ = {isa = PBXBuildFile; fileRef = A95F04F21D3C17B2001DE4EF /* SBPlatformDestination.swift */; };
		A95F04FA1D3C17B2001DE4EF /* SwiftyBeaver.swift in Sources */ = {isa = PBXBuildFile; fileRef = A95F04F31D3C17B2001DE4EF /* SwiftyBeaver.swift */; };
		A962FB8F1C8AE70300B66192 /* NavigationBarExtensions.swift in Sources */ = {isa = PBXBuildFile; fileRef = A962FB8E1C8AE70200B66192 /* NavigationBarExtensions.swift */; };
		A96316D91BCC71CD0042DB95 /* ClosureTypes.swift in Sources */ = {isa = PBXBuildFile; fileRef = A96316D81BCC71CD0042DB95 /* ClosureTypes.swift */; };
		A96316DB1BCCF5D60042DB95 /* AsyncAwait.swift in Sources */ = {isa = PBXBuildFile; fileRef = A96316DA1BCCF5D60042DB95 /* AsyncAwait.swift */; };
		A96916AB1D26B27700D1F164 /* OrderedDictionary.swift in Sources */ = {isa = PBXBuildFile; fileRef = A96916AA1D26B27700D1F164 /* OrderedDictionary.swift */; };
		A96916AC1D27183000D1F164 /* OrderedDictionary.swift in Sources */ = {isa = PBXBuildFile; fileRef = A96916AA1D26B27700D1F164 /* OrderedDictionary.swift */; };
		A97714B61D3E19DC0090AAB1 /* NSURLParameters.swift in Sources */ = {isa = PBXBuildFile; fileRef = A97714B51D3E19DC0090AAB1 /* NSURLParameters.swift */; };
		A99916F71C490326002AF3AD /* BaseOperation.swift in Sources */ = {isa = PBXBuildFile; fileRef = A92424A61BF3519E00175774 /* BaseOperation.swift */; };
		A9A426991CAFB04A0098F179 /* GenerateImage.swift in Sources */ = {isa = PBXBuildFile; fileRef = A9A426981CAFB04A0098F179 /* GenerateImage.swift */; };
		A9B2F1211C086337000F5367 /* OperationTest.swift in Sources */ = {isa = PBXBuildFile; fileRef = A9B2F1201C086337000F5367 /* OperationTest.swift */; };
		A9B63EAB1B301743001DD0CE /* NetworkOperation.swift in Sources */ = {isa = PBXBuildFile; fileRef = A9B63EAA1B301743001DD0CE /* NetworkOperation.swift */; };
		A9B6DA301BFAB0220033CB85 /* CollectionExtensions.swift in Sources */ = {isa = PBXBuildFile; fileRef = A9B6DA2F1BFAB0220033CB85 /* CollectionExtensions.swift */; };
		A9B6DA321BFB29490033CB85 /* ArrayTest.swift in Sources */ = {isa = PBXBuildFile; fileRef = A9B6DA311BFB29490033CB85 /* ArrayTest.swift */; };
		A9C0964C1D45305A00E39778 /* MKMapViewExtensions.swift in Sources */ = {isa = PBXBuildFile; fileRef = A9C0964B1D45305A00E39778 /* MKMapViewExtensions.swift */; };
		A9D4094C1BC8A4AD00019387 /* DateExtensions.swift in Sources */ = {isa = PBXBuildFile; fileRef = A9D4094B1BC8A4AD00019387 /* DateExtensions.swift */; };
		A9D9CE4D1C472D6C00D39DE3 /* SpearSwiftLibOSX.h in Headers */ = {isa = PBXBuildFile; fileRef = A9D9CE4C1C472D6C00D39DE3 /* SpearSwiftLibOSX.h */; settings = {ATTRIBUTES = (Public, ); }; };
		A9DCC9011C80811D00BDD29C /* CurrentDateTime.swift in Sources */ = {isa = PBXBuildFile; fileRef = A9DCC9001C80811D00BDD29C /* CurrentDateTime.swift */; };
		A9DE9C271B7DEAE5008C3FBC /* ScrollViewExtensions.swift in Sources */ = {isa = PBXBuildFile; fileRef = A9DE9C261B7DEAE5008C3FBC /* ScrollViewExtensions.swift */; };
		A9DE9C2B1B7F3DB6008C3FBC /* DictionaryExtensions.swift in Sources */ = {isa = PBXBuildFile; fileRef = A9DE9C2A1B7F3DB6008C3FBC /* DictionaryExtensions.swift */; };
		A9E1DCE41C5CD99B00870301 /* Json.swift in Sources */ = {isa = PBXBuildFile; fileRef = A9E1DCE31C5CD99B00870301 /* Json.swift */; };
		A9FE2F501B7C8AB400EE5F3F /* FileManagerExtensions.swift in Sources */ = {isa = PBXBuildFile; fileRef = A9FE2F4F1B7C8AB400EE5F3F /* FileManagerExtensions.swift */; };
/* End PBXBuildFile section */

/* Begin PBXContainerItemProxy section */
		A942A9931A9F251900C69271 /* PBXContainerItemProxy */ = {
			isa = PBXContainerItemProxy;
			containerPortal = A942A97D1A9F251800C69271 /* Project object */;
			proxyType = 1;
			remoteGlobalIDString = A942A9851A9F251800C69271;
			remoteInfo = SpearSwiftLib;
		};
/* End PBXContainerItemProxy section */

/* Begin PBXFileReference section */
		A91890B61B6CE866005CA6B3 /* ImageCache.swift */ = {isa = PBXFileReference; fileEncoding = 4; lastKnownFileType = sourcecode.swift; path = ImageCache.swift; sourceTree = "<group>"; };
		A9232F8E1C2D669C00232118 /* NumberExtensions.swift */ = {isa = PBXFileReference; fileEncoding = 4; lastKnownFileType = sourcecode.swift; path = NumberExtensions.swift; sourceTree = "<group>"; };
		A92424A61BF3519E00175774 /* BaseOperation.swift */ = {isa = PBXFileReference; fileEncoding = 4; lastKnownFileType = sourcecode.swift; path = BaseOperation.swift; sourceTree = "<group>"; };
		A924A5891C32982400181C17 /* DateTest.swift */ = {isa = PBXFileReference; fileEncoding = 4; lastKnownFileType = sourcecode.swift; path = DateTest.swift; sourceTree = "<group>"; };
		A927F5AB1CC62893009A025E /* ForegroundNotification.swift */ = {isa = PBXFileReference; fileEncoding = 4; lastKnownFileType = sourcecode.swift; path = ForegroundNotification.swift; sourceTree = "<group>"; };
		A927F5AD1CC6300E009A025E /* CurrentLocationFinder.swift */ = {isa = PBXFileReference; fileEncoding = 4; lastKnownFileType = sourcecode.swift; path = CurrentLocationFinder.swift; sourceTree = "<group>"; };
		A92BE2681BEC9E3200AF5B6E /* LocalNotification.swift */ = {isa = PBXFileReference; fileEncoding = 4; lastKnownFileType = sourcecode.swift; path = LocalNotification.swift; sourceTree = "<group>"; };
		A92CC47D1B3BF55500593257 /* LocalExtensions.swift */ = {isa = PBXFileReference; fileEncoding = 4; lastKnownFileType = sourcecode.swift; path = LocalExtensions.swift; sourceTree = "<group>"; };
		A93479581BDF75770069B2BC /* StringBuilder.swift */ = {isa = PBXFileReference; fileEncoding = 4; lastKnownFileType = sourcecode.swift; path = StringBuilder.swift; sourceTree = "<group>"; };
		A934795A1BDF7B450069B2BC /* StringBuilderTest.swift */ = {isa = PBXFileReference; fileEncoding = 4; lastKnownFileType = sourcecode.swift; path = StringBuilderTest.swift; sourceTree = "<group>"; };
		A93FB8921B3244FE0017E3E9 /* StringExtensions.swift */ = {isa = PBXFileReference; fileEncoding = 4; lastKnownFileType = sourcecode.swift; path = StringExtensions.swift; sourceTree = "<group>"; };
		A93FB8941B3245DD0017E3E9 /* StringTests.swift */ = {isa = PBXFileReference; fileEncoding = 4; lastKnownFileType = sourcecode.swift; path = StringTests.swift; sourceTree = "<group>"; };
		A942A9861A9F251800C69271 /* SpearSwiftLib.framework */ = {isa = PBXFileReference; explicitFileType = wrapper.framework; includeInIndex = 0; path = SpearSwiftLib.framework; sourceTree = BUILT_PRODUCTS_DIR; };
		A942A98A1A9F251800C69271 /* Info.plist */ = {isa = PBXFileReference; lastKnownFileType = text.plist.xml; path = Info.plist; sourceTree = "<group>"; };
		A942A98B1A9F251800C69271 /* SpearSwiftLib.h */ = {isa = PBXFileReference; lastKnownFileType = sourcecode.c.h; path = SpearSwiftLib.h; sourceTree = "<group>"; };
		A942A9911A9F251900C69271 /* SpearSwiftLibTests.xctest */ = {isa = PBXFileReference; explicitFileType = wrapper.cfbundle; includeInIndex = 0; path = SpearSwiftLibTests.xctest; sourceTree = BUILT_PRODUCTS_DIR; };
		A942A9971A9F251900C69271 /* Info.plist */ = {isa = PBXFileReference; lastKnownFileType = text.plist.xml; path = Info.plist; sourceTree = "<group>"; };
		A942A9981A9F251900C69271 /* SpearSwiftLibTests.swift */ = {isa = PBXFileReference; lastKnownFileType = sourcecode.swift; path = SpearSwiftLibTests.swift; sourceTree = "<group>"; };
		A942A9A21A9F252F00C69271 /* Shuffle.swift */ = {isa = PBXFileReference; fileEncoding = 4; lastKnownFileType = sourcecode.swift; path = Shuffle.swift; sourceTree = "<group>"; };
		A95F04ED1D3C17B2001DE4EF /* AES256CBC.swift */ = {isa = PBXFileReference; fileEncoding = 4; lastKnownFileType = sourcecode.swift; path = AES256CBC.swift; sourceTree = "<group>"; };
		A95F04EE1D3C17B2001DE4EF /* BaseDestination.swift */ = {isa = PBXFileReference; fileEncoding = 4; lastKnownFileType = sourcecode.swift; path = BaseDestination.swift; sourceTree = "<group>"; };
		A95F04EF1D3C17B2001DE4EF /* ConsoleDestination.swift */ = {isa = PBXFileReference; fileEncoding = 4; lastKnownFileType = sourcecode.swift; path = ConsoleDestination.swift; sourceTree = "<group>"; };
		A95F04F01D3C17B2001DE4EF /* FileDestination.swift */ = {isa = PBXFileReference; fileEncoding = 4; lastKnownFileType = sourcecode.swift; path = FileDestination.swift; sourceTree = "<group>"; };
		A95F04F11D3C17B2001DE4EF /* Filter.swift */ = {isa = PBXFileReference; fileEncoding = 4; lastKnownFileType = sourcecode.swift; path = Filter.swift; sourceTree = "<group>"; };
		A95F04F21D3C17B2001DE4EF /* SBPlatformDestination.swift */ = {isa = PBXFileReference; fileEncoding = 4; lastKnownFileType = sourcecode.swift; path = SBPlatformDestination.swift; sourceTree = "<group>"; };
		A95F04F31D3C17B2001DE4EF /* SwiftyBeaver.swift */ = {isa = PBXFileReference; fileEncoding = 4; lastKnownFileType = sourcecode.swift; path = SwiftyBeaver.swift; sourceTree = "<group>"; };
		A962FB8E1C8AE70200B66192 /* NavigationBarExtensions.swift */ = {isa = PBXFileReference; fileEncoding = 4; lastKnownFileType = sourcecode.swift; path = NavigationBarExtensions.swift; sourceTree = "<group>"; };
		A96316D81BCC71CD0042DB95 /* ClosureTypes.swift */ = {isa = PBXFileReference; fileEncoding = 4; lastKnownFileType = sourcecode.swift; path = ClosureTypes.swift; sourceTree = "<group>"; };
		A96316DA1BCCF5D60042DB95 /* AsyncAwait.swift */ = {isa = PBXFileReference; fileEncoding = 4; lastKnownFileType = sourcecode.swift; path = AsyncAwait.swift; sourceTree = "<group>"; };
		A96916AA1D26B27700D1F164 /* OrderedDictionary.swift */ = {isa = PBXFileReference; fileEncoding = 4; lastKnownFileType = sourcecode.swift; path = OrderedDictionary.swift; sourceTree = "<group>"; };
		A97714B51D3E19DC0090AAB1 /* NSURLParameters.swift */ = {isa = PBXFileReference; fileEncoding = 4; lastKnownFileType = sourcecode.swift; path = NSURLParameters.swift; sourceTree = "<group>"; };
		A9A426981CAFB04A0098F179 /* GenerateImage.swift */ = {isa = PBXFileReference; fileEncoding = 4; lastKnownFileType = sourcecode.swift; path = GenerateImage.swift; sourceTree = "<group>"; };
		A9B2F1201C086337000F5367 /* OperationTest.swift */ = {isa = PBXFileReference; fileEncoding = 4; lastKnownFileType = sourcecode.swift; path = OperationTest.swift; sourceTree = "<group>"; };
		A9B63EAA1B301743001DD0CE /* NetworkOperation.swift */ = {isa = PBXFileReference; fileEncoding = 4; lastKnownFileType = sourcecode.swift; path = NetworkOperation.swift; sourceTree = "<group>"; };
		A9B6DA2F1BFAB0220033CB85 /* CollectionExtensions.swift */ = {isa = PBXFileReference; fileEncoding = 4; lastKnownFileType = sourcecode.swift; path = CollectionExtensions.swift; sourceTree = "<group>"; };
		A9B6DA311BFB29490033CB85 /* ArrayTest.swift */ = {isa = PBXFileReference; fileEncoding = 4; lastKnownFileType = sourcecode.swift; path = ArrayTest.swift; sourceTree = "<group>"; };
		A9C0964B1D45305A00E39778 /* MKMapViewExtensions.swift */ = {isa = PBXFileReference; fileEncoding = 4; lastKnownFileType = sourcecode.swift; path = MKMapViewExtensions.swift; sourceTree = "<group>"; };
		A9D4094B1BC8A4AD00019387 /* DateExtensions.swift */ = {isa = PBXFileReference; fileEncoding = 4; lastKnownFileType = sourcecode.swift; path = DateExtensions.swift; sourceTree = "<group>"; };
		A9D9CE4A1C472D6C00D39DE3 /* SpearSwiftLib.framework */ = {isa = PBXFileReference; explicitFileType = wrapper.framework; includeInIndex = 0; path = SpearSwiftLib.framework; sourceTree = BUILT_PRODUCTS_DIR; };
		A9D9CE4C1C472D6C00D39DE3 /* SpearSwiftLibOSX.h */ = {isa = PBXFileReference; lastKnownFileType = sourcecode.c.h; path = SpearSwiftLibOSX.h; sourceTree = "<group>"; };
		A9D9CE4E1C472D6C00D39DE3 /* Info.plist */ = {isa = PBXFileReference; lastKnownFileType = text.plist.xml; path = Info.plist; sourceTree = "<group>"; };
		A9DCC9001C80811D00BDD29C /* CurrentDateTime.swift */ = {isa = PBXFileReference; fileEncoding = 4; lastKnownFileType = sourcecode.swift; path = CurrentDateTime.swift; sourceTree = "<group>"; };
		A9DE9C261B7DEAE5008C3FBC /* ScrollViewExtensions.swift */ = {isa = PBXFileReference; fileEncoding = 4; lastKnownFileType = sourcecode.swift; path = ScrollViewExtensions.swift; sourceTree = "<group>"; };
		A9DE9C2A1B7F3DB6008C3FBC /* DictionaryExtensions.swift */ = {isa = PBXFileReference; fileEncoding = 4; lastKnownFileType = sourcecode.swift; path = DictionaryExtensions.swift; sourceTree = "<group>"; };
		A9E1DCE31C5CD99B00870301 /* Json.swift */ = {isa = PBXFileReference; fileEncoding = 4; lastKnownFileType = sourcecode.swift; path = Json.swift; sourceTree = "<group>"; };
		A9FE2F4F1B7C8AB400EE5F3F /* FileManagerExtensions.swift */ = {isa = PBXFileReference; fileEncoding = 4; lastKnownFileType = sourcecode.swift; path = FileManagerExtensions.swift; sourceTree = "<group>"; };
/* End PBXFileReference section */

/* Begin PBXFrameworksBuildPhase section */
		A942A9821A9F251800C69271 /* Frameworks */ = {
			isa = PBXFrameworksBuildPhase;
			buildActionMask = 2147483647;
			files = (
			);
			runOnlyForDeploymentPostprocessing = 0;
		};
		A942A98E1A9F251900C69271 /* Frameworks */ = {
			isa = PBXFrameworksBuildPhase;
			buildActionMask = 2147483647;
			files = (
				A942A9921A9F251900C69271 /* SpearSwiftLib.framework in Frameworks */,
			);
			runOnlyForDeploymentPostprocessing = 0;
		};
		A9D9CE461C472D6C00D39DE3 /* Frameworks */ = {
			isa = PBXFrameworksBuildPhase;
			buildActionMask = 2147483647;
			files = (
			);
			runOnlyForDeploymentPostprocessing = 0;
		};
/* End PBXFrameworksBuildPhase section */

/* Begin PBXGroup section */
		A92CC47C1B3BF53700593257 /* Extensions */ = {
			isa = PBXGroup;
			children = (
				A9B6DA2F1BFAB0220033CB85 /* CollectionExtensions.swift */,
				A9D4094B1BC8A4AD00019387 /* DateExtensions.swift */,
				A9DE9C2A1B7F3DB6008C3FBC /* DictionaryExtensions.swift */,
				A9FE2F4F1B7C8AB400EE5F3F /* FileManagerExtensions.swift */,
				A92CC47D1B3BF55500593257 /* LocalExtensions.swift */,
				A9DE9C261B7DEAE5008C3FBC /* ScrollViewExtensions.swift */,
				A93FB8921B3244FE0017E3E9 /* StringExtensions.swift */,
				A9232F8E1C2D669C00232118 /* NumberExtensions.swift */,
				A962FB8E1C8AE70200B66192 /* NavigationBarExtensions.swift */,
				A9C0964B1D45305A00E39778 /* MKMapViewExtensions.swift */,
			);
			name = Extensions;
			sourceTree = "<group>";
		};
		A942A97C1A9F251800C69271 = {
			isa = PBXGroup;
			children = (
				A95F04EC1D3C17B2001DE4EF /* SwifyBeaver */,
				A942A9881A9F251800C69271 /* SpearSwiftLib */,
				A9D9CE4B1C472D6C00D39DE3 /* SpearSwiftLibOSX */,
				A942A9871A9F251800C69271 /* Products */,
			);
			sourceTree = "<group>";
			usesTabs = 1;
		};
		A942A9871A9F251800C69271 /* Products */ = {
			isa = PBXGroup;
			children = (
				A942A9861A9F251800C69271 /* SpearSwiftLib.framework */,
				A942A9911A9F251900C69271 /* SpearSwiftLibTests.xctest */,
				A9D9CE4A1C472D6C00D39DE3 /* SpearSwiftLib.framework */,
			);
			name = Products;
			sourceTree = "<group>";
		};
		A942A9881A9F251800C69271 /* SpearSwiftLib */ = {
			isa = PBXGroup;
			children = (
				A92CC47C1B3BF53700593257 /* Extensions */,
				A9E1DCE21C5CD97000870301 /* JSON */,
				A96316DA1BCCF5D60042DB95 /* AsyncAwait.swift */,
				A92424A61BF3519E00175774 /* BaseOperation.swift */,
				A96316D81BCC71CD0042DB95 /* ClosureTypes.swift */,
				A9DCC9001C80811D00BDD29C /* CurrentDateTime.swift */,
				A927F5AD1CC6300E009A025E /* CurrentLocationFinder.swift */,
				A927F5AB1CC62893009A025E /* ForegroundNotification.swift */,
				A9A426981CAFB04A0098F179 /* GenerateImage.swift */,
				A91890B61B6CE866005CA6B3 /* ImageCache.swift */,
				A92BE2681BEC9E3200AF5B6E /* LocalNotification.swift */,
				A9B63EAA1B301743001DD0CE /* NetworkOperation.swift */,
				A97714B51D3E19DC0090AAB1 /* NSURLParameters.swift */,
				A942A9A21A9F252F00C69271 /* Shuffle.swift */,
				A942A98B1A9F251800C69271 /* SpearSwiftLib.h */,
				A93479581BDF75770069B2BC /* StringBuilder.swift */,
				A942A9891A9F251800C69271 /* Supporting Files */,
				A942A9951A9F251900C69271 /* SpearSwiftLibTests */,
				A96916AA1D26B27700D1F164 /* OrderedDictionary.swift */,
			);
			path = SpearSwiftLib;
			sourceTree = "<group>";
		};
		A942A9891A9F251800C69271 /* Supporting Files */ = {
			isa = PBXGroup;
			children = (
				A942A98A1A9F251800C69271 /* Info.plist */,
			);
			name = "Supporting Files";
			sourceTree = "<group>";
		};
		A942A9951A9F251900C69271 /* SpearSwiftLibTests */ = {
			isa = PBXGroup;
			children = (
				A942A9981A9F251900C69271 /* SpearSwiftLibTests.swift */,
				A942A9961A9F251900C69271 /* Supporting Files */,
				A93FB8941B3245DD0017E3E9 /* StringTests.swift */,
				A934795A1BDF7B450069B2BC /* StringBuilderTest.swift */,
				A9B6DA311BFB29490033CB85 /* ArrayTest.swift */,
				A9B2F1201C086337000F5367 /* OperationTest.swift */,
				A924A5891C32982400181C17 /* DateTest.swift */,
			);
			path = SpearSwiftLibTests;
			sourceTree = SOURCE_ROOT;
		};
		A942A9961A9F251900C69271 /* Supporting Files */ = {
			isa = PBXGroup;
			children = (
				A942A9971A9F251900C69271 /* Info.plist */,
			);
			name = "Supporting Files";
			sourceTree = "<group>";
		};
		A95F04EC1D3C17B2001DE4EF /* SwifyBeaver */ = {
			isa = PBXGroup;
			children = (
				A95F04ED1D3C17B2001DE4EF /* AES256CBC.swift */,
				A95F04EE1D3C17B2001DE4EF /* BaseDestination.swift */,
				A95F04EF1D3C17B2001DE4EF /* ConsoleDestination.swift */,
				A95F04F01D3C17B2001DE4EF /* FileDestination.swift */,
				A95F04F11D3C17B2001DE4EF /* Filter.swift */,
				A95F04F21D3C17B2001DE4EF /* SBPlatformDestination.swift */,
				A95F04F31D3C17B2001DE4EF /* SwiftyBeaver.swift */,
			);
			path = SwifyBeaver;
			sourceTree = "<group>";
		};
		A9D9CE4B1C472D6C00D39DE3 /* SpearSwiftLibOSX */ = {
			isa = PBXGroup;
			children = (
				A9D9CE4C1C472D6C00D39DE3 /* SpearSwiftLibOSX.h */,
				A9D9CE4E1C472D6C00D39DE3 /* Info.plist */,
			);
			path = SpearSwiftLibOSX;
			sourceTree = "<group>";
		};
		A9E1DCE21C5CD97000870301 /* JSON */ = {
			isa = PBXGroup;
			children = (
				A9E1DCE31C5CD99B00870301 /* Json.swift */,
			);
			path = JSON;
			sourceTree = "<group>";
		};
/* End PBXGroup section */

/* Begin PBXHeadersBuildPhase section */
		A942A9831A9F251800C69271 /* Headers */ = {
			isa = PBXHeadersBuildPhase;
			buildActionMask = 2147483647;
			files = (
				A942A98C1A9F251800C69271 /* SpearSwiftLib.h in Headers */,
			);
			runOnlyForDeploymentPostprocessing = 0;
		};
		A9D9CE471C472D6C00D39DE3 /* Headers */ = {
			isa = PBXHeadersBuildPhase;
			buildActionMask = 2147483647;
			files = (
				A9D9CE4D1C472D6C00D39DE3 /* SpearSwiftLibOSX.h in Headers */,
			);
			runOnlyForDeploymentPostprocessing = 0;
		};
/* End PBXHeadersBuildPhase section */

/* Begin PBXNativeTarget section */
		A942A9851A9F251800C69271 /* SpearSwiftLib */ = {
			isa = PBXNativeTarget;
			buildConfigurationList = A942A99C1A9F251900C69271 /* Build configuration list for PBXNativeTarget "SpearSwiftLib" */;
			buildPhases = (
				A942A9811A9F251800C69271 /* Sources */,
				A942A9821A9F251800C69271 /* Frameworks */,
				A942A9831A9F251800C69271 /* Headers */,
				A942A9841A9F251800C69271 /* Resources */,
			);
			buildRules = (
			);
			dependencies = (
			);
			name = SpearSwiftLib;
			productName = SpearSwiftLib;
			productReference = A942A9861A9F251800C69271 /* SpearSwiftLib.framework */;
			productType = "com.apple.product-type.framework";
		};
		A942A9901A9F251900C69271 /* SpearSwiftLibTests */ = {
			isa = PBXNativeTarget;
			buildConfigurationList = A942A99F1A9F251900C69271 /* Build configuration list for PBXNativeTarget "SpearSwiftLibTests" */;
			buildPhases = (
				A942A98D1A9F251900C69271 /* Sources */,
				A942A98E1A9F251900C69271 /* Frameworks */,
				A942A98F1A9F251900C69271 /* Resources */,
			);
			buildRules = (
			);
			dependencies = (
				A942A9941A9F251900C69271 /* PBXTargetDependency */,
			);
			name = SpearSwiftLibTests;
			productName = SpearSwiftLibTests;
			productReference = A942A9911A9F251900C69271 /* SpearSwiftLibTests.xctest */;
			productType = "com.apple.product-type.bundle.unit-test";
		};
		A9D9CE491C472D6C00D39DE3 /* SpearSwiftLibMac */ = {
			isa = PBXNativeTarget;
			buildConfigurationList = A9D9CE511C472D6C00D39DE3 /* Build configuration list for PBXNativeTarget "SpearSwiftLibMac" */;
			buildPhases = (
				A9D9CE451C472D6C00D39DE3 /* Sources */,
				A9D9CE461C472D6C00D39DE3 /* Frameworks */,
				A9D9CE471C472D6C00D39DE3 /* Headers */,
				A9D9CE481C472D6C00D39DE3 /* Resources */,
			);
			buildRules = (
			);
			dependencies = (
			);
			name = SpearSwiftLibMac;
			productName = SpearSwiftLibOSX;
			productReference = A9D9CE4A1C472D6C00D39DE3 /* SpearSwiftLib.framework */;
			productType = "com.apple.product-type.framework";
		};
/* End PBXNativeTarget section */

/* Begin PBXProject section */
		A942A97D1A9F251800C69271 /* Project object */ = {
			isa = PBXProject;
			attributes = {
				LastSwiftMigration = 0700;
				LastUpgradeCheck = 0700;
				ORGANIZATIONNAME = spearware;
				TargetAttributes = {
					A942A9851A9F251800C69271 = {
						CreatedOnToolsVersion = 6.1.1;
					};
					A942A9901A9F251900C69271 = {
						CreatedOnToolsVersion = 6.1.1;
					};
					A9D9CE491C472D6C00D39DE3 = {
						CreatedOnToolsVersion = 7.2;
					};
				};
			};
			buildConfigurationList = A942A9801A9F251800C69271 /* Build configuration list for PBXProject "SpearSwiftLib" */;
			compatibilityVersion = "Xcode 3.2";
			developmentRegion = English;
			hasScannedForEncodings = 0;
			knownRegions = (
				en,
			);
			mainGroup = A942A97C1A9F251800C69271;
			productRefGroup = A942A9871A9F251800C69271 /* Products */;
			projectDirPath = "";
			projectRoot = "";
			targets = (
				A942A9851A9F251800C69271 /* SpearSwiftLib */,
				A942A9901A9F251900C69271 /* SpearSwiftLibTests */,
				A9D9CE491C472D6C00D39DE3 /* SpearSwiftLibMac */,
			);
		};
/* End PBXProject section */

/* Begin PBXResourcesBuildPhase section */
		A942A9841A9F251800C69271 /* Resources */ = {
			isa = PBXResourcesBuildPhase;
			buildActionMask = 2147483647;
			files = (
			);
			runOnlyForDeploymentPostprocessing = 0;
		};
		A942A98F1A9F251900C69271 /* Resources */ = {
			isa = PBXResourcesBuildPhase;
			buildActionMask = 2147483647;
			files = (
			);
			runOnlyForDeploymentPostprocessing = 0;
		};
		A9D9CE481C472D6C00D39DE3 /* Resources */ = {
			isa = PBXResourcesBuildPhase;
			buildActionMask = 2147483647;
			files = (
			);
			runOnlyForDeploymentPostprocessing = 0;
		};
/* End PBXResourcesBuildPhase section */

/* Begin PBXSourcesBuildPhase section */
		A942A9811A9F251800C69271 /* Sources */ = {
			isa = PBXSourcesBuildPhase;
			buildActionMask = 2147483647;
			files = (
				A95F04F91D3C17B2001DE4EF /* SBPlatformDestination.swift in Sources */,
				A9DE9C271B7DEAE5008C3FBC /* ScrollViewExtensions.swift in Sources */,
				A96316DB1BCCF5D60042DB95 /* AsyncAwait.swift in Sources */,
				A927F5AE1CC6300E009A025E /* CurrentLocationFinder.swift in Sources */,
				A91890B71B6CE866005CA6B3 /* ImageCache.swift in Sources */,
				A93FB8931B3244FE0017E3E9 /* StringExtensions.swift in Sources */,
				A96916AB1D26B27700D1F164 /* OrderedDictionary.swift in Sources */,
				A93479591BDF75770069B2BC /* StringBuilder.swift in Sources */,
				A96316D91BCC71CD0042DB95 /* ClosureTypes.swift in Sources */,
				A962FB8F1C8AE70300B66192 /* NavigationBarExtensions.swift in Sources */,
				A95F04FA1D3C17B2001DE4EF /* SwiftyBeaver.swift in Sources */,
				A92BE2691BEC9E3200AF5B6E /* LocalNotification.swift in Sources */,
				A9DE9C2B1B7F3DB6008C3FBC /* DictionaryExtensions.swift in Sources */,
				A9232F8F1C2D669C00232118 /* NumberExtensions.swift in Sources */,
				A92424A71BF3519E00175774 /* BaseOperation.swift in Sources */,
				A9DCC9011C80811D00BDD29C /* CurrentDateTime.swift in Sources */,
				A9B63EAB1B301743001DD0CE /* NetworkOperation.swift in Sources */,
				A9E1DCE41C5CD99B00870301 /* Json.swift in Sources */,
				A95F04F61D3C17B2001DE4EF /* ConsoleDestination.swift in Sources */,
				A95F04F41D3C17B2001DE4EF /* AES256CBC.swift in Sources */,
				A9D4094C1BC8A4AD00019387 /* DateExtensions.swift in Sources */,
				A9C0964C1D45305A00E39778 /* MKMapViewExtensions.swift in Sources */,
				A95F04F51D3C17B2001DE4EF /* BaseDestination.swift in Sources */,
				A942A9A31A9F252F00C69271 /* Shuffle.swift in Sources */,
				A95F04F81D3C17B2001DE4EF /* Filter.swift in Sources */,
				A9B6DA301BFAB0220033CB85 /* CollectionExtensions.swift in Sources */,
				A92CC47E1B3BF55500593257 /* LocalExtensions.swift in Sources */,
				A9A426991CAFB04A0098F179 /* GenerateImage.swift in Sources */,
				A9FE2F501B7C8AB400EE5F3F /* FileManagerExtensions.swift in Sources */,
				A97714B61D3E19DC0090AAB1 /* NSURLParameters.swift in Sources */,
				A95F04F71D3C17B2001DE4EF /* FileDestination.swift in Sources */,
				A927F5AC1CC62893009A025E /* ForegroundNotification.swift in Sources */,
			);
			runOnlyForDeploymentPostprocessing = 0;
		};
		A942A98D1A9F251900C69271 /* Sources */ = {
			isa = PBXSourcesBuildPhase;
			buildActionMask = 2147483647;
			files = (
				A96916AC1D27183000D1F164 /* OrderedDictionary.swift in Sources */,
				A93FB8951B3245DD0017E3E9 /* StringTests.swift in Sources */,
				A942A9991A9F251900C69271 /* SpearSwiftLibTests.swift in Sources */,
				A934795B1BDF7B450069B2BC /* StringBuilderTest.swift in Sources */,
				A9B2F1211C086337000F5367 /* OperationTest.swift in Sources */,
				A9B6DA321BFB29490033CB85 /* ArrayTest.swift in Sources */,
				A924A58A1C32982400181C17 /* DateTest.swift in Sources */,
			);
			runOnlyForDeploymentPostprocessing = 0;
		};
		A9D9CE451C472D6C00D39DE3 /* Sources */ = {
			isa = PBXSourcesBuildPhase;
			buildActionMask = 2147483647;
			files = (
				A99916F71C490326002AF3AD /* BaseOperation.swift in Sources */,
			);
			runOnlyForDeploymentPostprocessing = 0;
		};
/* End PBXSourcesBuildPhase section */

/* Begin PBXTargetDependency section */
		A942A9941A9F251900C69271 /* PBXTargetDependency */ = {
			isa = PBXTargetDependency;
			target = A942A9851A9F251800C69271 /* SpearSwiftLib */;
			targetProxy = A942A9931A9F251900C69271 /* PBXContainerItemProxy */;
		};
/* End PBXTargetDependency section */

/* Begin XCBuildConfiguration section */
		A942A99A1A9F251900C69271 /* Debug */ = {
			isa = XCBuildConfiguration;
			buildSettings = {
				ALWAYS_SEARCH_USER_PATHS = NO;
				CLANG_CXX_LANGUAGE_STANDARD = "gnu++0x";
				CLANG_CXX_LIBRARY = "libc++";
				CLANG_ENABLE_MODULES = YES;
				CLANG_ENABLE_OBJC_ARC = YES;
				CLANG_WARN_BOOL_CONVERSION = YES;
				CLANG_WARN_CONSTANT_CONVERSION = YES;
				CLANG_WARN_DIRECT_OBJC_ISA_USAGE = YES_ERROR;
				CLANG_WARN_EMPTY_BODY = YES;
				CLANG_WARN_ENUM_CONVERSION = YES;
				CLANG_WARN_INT_CONVERSION = YES;
				CLANG_WARN_OBJC_ROOT_CLASS = YES_ERROR;
				CLANG_WARN_UNREACHABLE_CODE = YES;
				CLANG_WARN__DUPLICATE_METHOD_MATCH = YES;
				"CODE_SIGN_IDENTITY[sdk=iphoneos*]" = "iPhone Developer";
				COPY_PHASE_STRIP = NO;
				CURRENT_PROJECT_VERSION = 1;
				ENABLE_STRICT_OBJC_MSGSEND = YES;
				ENABLE_TESTABILITY = YES;
				GCC_C_LANGUAGE_STANDARD = gnu99;
				GCC_DYNAMIC_NO_PIC = NO;
				GCC_OPTIMIZATION_LEVEL = 0;
				GCC_PREPROCESSOR_DEFINITIONS = (
					"DEBUG=1",
					"$(inherited)",
				);
				GCC_SYMBOLS_PRIVATE_EXTERN = NO;
				GCC_WARN_64_TO_32_BIT_CONVERSION = YES;
				GCC_WARN_ABOUT_RETURN_TYPE = YES_ERROR;
				GCC_WARN_UNDECLARED_SELECTOR = YES;
				GCC_WARN_UNINITIALIZED_AUTOS = YES_AGGRESSIVE;
				GCC_WARN_UNUSED_FUNCTION = YES;
				GCC_WARN_UNUSED_VARIABLE = YES;
				IPHONEOS_DEPLOYMENT_TARGET = 9.3;
				MTL_ENABLE_DEBUG_INFO = YES;
				ONLY_ACTIVE_ARCH = YES;
				SDKROOT = iphoneos;
				SWIFT_OPTIMIZATION_LEVEL = "-Onone";
				TARGETED_DEVICE_FAMILY = "1,2";
				VERSIONING_SYSTEM = "apple-generic";
				VERSION_INFO_PREFIX = "";
			};
			name = Debug;
		};
		A942A99B1A9F251900C69271 /* Release */ = {
			isa = XCBuildConfiguration;
			buildSettings = {
				ALWAYS_SEARCH_USER_PATHS = NO;
				CLANG_CXX_LANGUAGE_STANDARD = "gnu++0x";
				CLANG_CXX_LIBRARY = "libc++";
				CLANG_ENABLE_MODULES = YES;
				CLANG_ENABLE_OBJC_ARC = YES;
				CLANG_WARN_BOOL_CONVERSION = YES;
				CLANG_WARN_CONSTANT_CONVERSION = YES;
				CLANG_WARN_DIRECT_OBJC_ISA_USAGE = YES_ERROR;
				CLANG_WARN_EMPTY_BODY = YES;
				CLANG_WARN_ENUM_CONVERSION = YES;
				CLANG_WARN_INT_CONVERSION = YES;
				CLANG_WARN_OBJC_ROOT_CLASS = YES_ERROR;
				CLANG_WARN_UNREACHABLE_CODE = YES;
				CLANG_WARN__DUPLICATE_METHOD_MATCH = YES;
				"CODE_SIGN_IDENTITY[sdk=iphoneos*]" = "iPhone Developer";
				COPY_PHASE_STRIP = YES;
				CURRENT_PROJECT_VERSION = 1;
				ENABLE_NS_ASSERTIONS = NO;
				ENABLE_STRICT_OBJC_MSGSEND = YES;
				GCC_C_LANGUAGE_STANDARD = gnu99;
				GCC_WARN_64_TO_32_BIT_CONVERSION = YES;
				GCC_WARN_ABOUT_RETURN_TYPE = YES_ERROR;
				GCC_WARN_UNDECLARED_SELECTOR = YES;
				GCC_WARN_UNINITIALIZED_AUTOS = YES_AGGRESSIVE;
				GCC_WARN_UNUSED_FUNCTION = YES;
				GCC_WARN_UNUSED_VARIABLE = YES;
				IPHONEOS_DEPLOYMENT_TARGET = 9.3;
				MTL_ENABLE_DEBUG_INFO = NO;
				SDKROOT = iphoneos;
				TARGETED_DEVICE_FAMILY = "1,2";
				VALIDATE_PRODUCT = YES;
				VERSIONING_SYSTEM = "apple-generic";
				VERSION_INFO_PREFIX = "";
			};
			name = Release;
		};
		A942A99D1A9F251900C69271 /* Debug */ = {
			isa = XCBuildConfiguration;
			buildSettings = {
				CLANG_ENABLE_MODULES = YES;
				DEFINES_MODULE = YES;
				DYLIB_COMPATIBILITY_VERSION = 1;
				DYLIB_CURRENT_VERSION = 1;
				DYLIB_INSTALL_NAME_BASE = "@rpath";
				INFOPLIST_FILE = SpearSwiftLib/Info.plist;
				INSTALL_PATH = "$(LOCAL_LIBRARY_DIR)/Frameworks";
				IPHONEOS_DEPLOYMENT_TARGET = 9.3;
				LD_RUNPATH_SEARCH_PATHS = "$(inherited) @executable_path/Frameworks @loader_path/Frameworks";
				PRODUCT_BUNDLE_IDENTIFIER = "com.spearware.$(PRODUCT_NAME:rfc1034identifier)";
				PRODUCT_NAME = "$(TARGET_NAME)";
				SKIP_INSTALL = YES;
				SWIFT_OPTIMIZATION_LEVEL = "-Onone";
			};
			name = Debug;
		};
		A942A99E1A9F251900C69271 /* Release */ = {
			isa = XCBuildConfiguration;
			buildSettings = {
				CLANG_ENABLE_MODULES = YES;
				DEFINES_MODULE = YES;
				DYLIB_COMPATIBILITY_VERSION = 1;
				DYLIB_CURRENT_VERSION = 1;
				DYLIB_INSTALL_NAME_BASE = "@rpath";
				INFOPLIST_FILE = SpearSwiftLib/Info.plist;
				INSTALL_PATH = "$(LOCAL_LIBRARY_DIR)/Frameworks";
				IPHONEOS_DEPLOYMENT_TARGET = 9.3;
				LD_RUNPATH_SEARCH_PATHS = "$(inherited) @executable_path/Frameworks @loader_path/Frameworks";
				PRODUCT_BUNDLE_IDENTIFIER = "com.spearware.$(PRODUCT_NAME:rfc1034identifier)";
				PRODUCT_NAME = "$(TARGET_NAME)";
				SKIP_INSTALL = YES;
			};
			name = Release;
		};
		A942A9A01A9F251900C69271 /* Debug */ = {
			isa = XCBuildConfiguration;
			buildSettings = {
				FRAMEWORK_SEARCH_PATHS = (
					"$(SDKROOT)/Developer/Library/Frameworks",
					"$(inherited)",
				);
				GCC_PREPROCESSOR_DEFINITIONS = (
					"DEBUG=1",
					"$(inherited)",
				);
				INFOPLIST_FILE = SpearSwiftLibTests/Info.plist;
				LD_RUNPATH_SEARCH_PATHS = "$(inherited) @executable_path/Frameworks @loader_path/Frameworks";
				PRODUCT_BUNDLE_IDENTIFIER = "com.spearware.$(PRODUCT_NAME:rfc1034identifier)";
				PRODUCT_NAME = "$(TARGET_NAME)";
			};
			name = Debug;
		};
		A942A9A11A9F251900C69271 /* Release */ = {
			isa = XCBuildConfiguration;
			buildSettings = {
				FRAMEWORK_SEARCH_PATHS = (
					"$(SDKROOT)/Developer/Library/Frameworks",
					"$(inherited)",
				);
				INFOPLIST_FILE = SpearSwiftLibTests/Info.plist;
				LD_RUNPATH_SEARCH_PATHS = "$(inherited) @executable_path/Frameworks @loader_path/Frameworks";
				PRODUCT_BUNDLE_IDENTIFIER = "com.spearware.$(PRODUCT_NAME:rfc1034identifier)";
				PRODUCT_NAME = "$(TARGET_NAME)";
			};
			name = Release;
		};
		A9D9CE4F1C472D6C00D39DE3 /* Debug */ = {
			isa = XCBuildConfiguration;
			buildSettings = {
				CODE_SIGN_IDENTITY = "-";
				COMBINE_HIDPI_IMAGES = YES;
				DEBUG_INFORMATION_FORMAT = dwarf;
				DEFINES_MODULE = YES;
				DYLIB_COMPATIBILITY_VERSION = 1;
				DYLIB_CURRENT_VERSION = 1;
				DYLIB_INSTALL_NAME_BASE = "@rpath";
				FRAMEWORK_VERSION = A;
				GCC_NO_COMMON_BLOCKS = YES;
				INFOPLIST_FILE = SpearSwiftLib/Info.plist;
				INSTALL_PATH = "$(LOCAL_LIBRARY_DIR)/Frameworks";
				LD_RUNPATH_SEARCH_PATHS = "$(inherited) @executable_path/../Frameworks @loader_path/Frameworks";
				MACOSX_DEPLOYMENT_TARGET = 10.11;
				PRODUCT_BUNDLE_IDENTIFIER = com.spearware.SpearSwiftLibOSX;
				PRODUCT_NAME = SpearSwiftLib;
				PUBLIC_HEADERS_FOLDER_PATH = "$(CONTENTSFOLDERPATH)/Headers";
				SDKROOT = macosx;
				SKIP_INSTALL = YES;
			};
			name = Debug;
		};
		A9D9CE501C472D6C00D39DE3 /* Release */ = {
			isa = XCBuildConfiguration;
			buildSettings = {
				CODE_SIGN_IDENTITY = "-";
				COMBINE_HIDPI_IMAGES = YES;
				COPY_PHASE_STRIP = NO;
				DEBUG_INFORMATION_FORMAT = "dwarf-with-dsym";
				DEFINES_MODULE = YES;
				DYLIB_COMPATIBILITY_VERSION = 1;
				DYLIB_CURRENT_VERSION = 1;
				DYLIB_INSTALL_NAME_BASE = "@rpath";
				FRAMEWORK_VERSION = A;
				GCC_NO_COMMON_BLOCKS = YES;
				INFOPLIST_FILE = SpearSwiftLib/Info.plist;
				INSTALL_PATH = "$(LOCAL_LIBRARY_DIR)/Frameworks";
				LD_RUNPATH_SEARCH_PATHS = "$(inherited) @executable_path/../Frameworks @loader_path/Frameworks";
				MACOSX_DEPLOYMENT_TARGET = 10.11;
				PRODUCT_BUNDLE_IDENTIFIER = com.spearware.SpearSwiftLibOSX;
				PRODUCT_NAME = SpearSwiftLib;
				PUBLIC_HEADERS_FOLDER_PATH = "$(CONTENTSFOLDERPATH)/Headers";
				SDKROOT = macosx;
				SKIP_INSTALL = YES;
			};
			name = Release;
		};
/* End XCBuildConfiguration section */

/* Begin XCConfigurationList section */
		A942A9801A9F251800C69271 /* Build configuration list for PBXProject "SpearSwiftLib" */ = {
			isa = XCConfigurationList;
			buildConfigurations = (
				A942A99A1A9F251900C69271 /* Debug */,
				A942A99B1A9F251900C69271 /* Release */,
			);
			defaultConfigurationIsVisible = 0;
			defaultConfigurationName = Release;
		};
		A942A99C1A9F251900C69271 /* Build configuration list for PBXNativeTarget "SpearSwiftLib" */ = {
			isa = XCConfigurationList;
			buildConfigurations = (
				A942A99D1A9F251900C69271 /* Debug */,
				A942A99E1A9F251900C69271 /* Release */,
			);
			defaultConfigurationIsVisible = 0;
			defaultConfigurationName = Release;
		};
		A942A99F1A9F251900C69271 /* Build configuration list for PBXNativeTarget "SpearSwiftLibTests" */ = {
			isa = XCConfigurationList;
			buildConfigurations = (
				A942A9A01A9F251900C69271 /* Debug */,
				A942A9A11A9F251900C69271 /* Release */,
			);
			defaultConfigurationIsVisible = 0;
			defaultConfigurationName = Release;
		};
		A9D9CE511C472D6C00D39DE3 /* Build configuration list for PBXNativeTarget "SpearSwiftLibMac" */ = {
			isa = XCConfigurationList;
			buildConfigurations = (
				A9D9CE4F1C472D6C00D39DE3 /* Debug */,
				A9D9CE501C472D6C00D39DE3 /* Release */,
			);
			defaultConfigurationIsVisible = 0;
			defaultConfigurationName = Release;
		};
/* End XCConfigurationList section */
	};
	rootObject = A942A97D1A9F251800C69271 /* Project object */;
}
