// !$*UTF8*$!
{
	archiveVersion = 1;
	classes = {
	};
	objectVersion = 46;
	objects = {

/* Begin PBXBuildFile section */
		A91890B71B6CE866005CA6B3 /* ImageCache.swift in Sources */ = {isa = PBXBuildFile; fileRef = A91890B61B6CE866005CA6B3 /* ImageCache.swift */; };
		A92424A71BF3519E00175774 /* BaseOperation.swift in Sources */ = {isa = PBXBuildFile; fileRef = A92424A61BF3519E00175774 /* BaseOperation.swift */; };
		A92BE2691BEC9E3200AF5B6E /* LocalNotification.swift in Sources */ = {isa = PBXBuildFile; fileRef = A92BE2681BEC9E3200AF5B6E /* LocalNotification.swift */; };
		A92CC47E1B3BF55500593257 /* LocalExtensions.swift in Sources */ = {isa = PBXBuildFile; fileRef = A92CC47D1B3BF55500593257 /* LocalExtensions.swift */; };
		A93479591BDF75770069B2BC /* StringBuilder.swift in Sources */ = {isa = PBXBuildFile; fileRef = A93479581BDF75770069B2BC /* StringBuilder.swift */; };
		A934795B1BDF7B450069B2BC /* StringBuilderTest.swift in Sources */ = {isa = PBXBuildFile; fileRef = A934795A1BDF7B450069B2BC /* StringBuilderTest.swift */; };
		A93FB8931B3244FE0017E3E9 /* StringExtensions.swift in Sources */ = {isa = PBXBuildFile; fileRef = A93FB8921B3244FE0017E3E9 /* StringExtensions.swift */; };
		A93FB8951B3245DD0017E3E9 /* StringTests.swift in Sources */ = {isa = PBXBuildFile; fileRef = A93FB8941B3245DD0017E3E9 /* StringTests.swift */; };
		A942A98C1A9F251800C69271 /* SpearSwiftLib.h in Headers */ = {isa = PBXBuildFile; fileRef = A942A98B1A9F251800C69271 /* SpearSwiftLib.h */; settings = {ATTRIBUTES = (Public, ); }; };
		A942A9921A9F251900C69271 /* SpearSwiftLib.framework in Frameworks */ = {isa = PBXBuildFile; fileRef = A942A9861A9F251800C69271 /* SpearSwiftLib.framework */; };
		A942A9991A9F251900C69271 /* SpearSwiftLibTests.swift in Sources */ = {isa = PBXBuildFile; fileRef = A942A9981A9F251900C69271 /* SpearSwiftLibTests.swift */; };
		A942A9A31A9F252F00C69271 /* Shuffle.swift in Sources */ = {isa = PBXBuildFile; fileRef = A942A9A21A9F252F00C69271 /* Shuffle.swift */; };
		A96316D91BCC71CD0042DB95 /* ClosureTypes.swift in Sources */ = {isa = PBXBuildFile; fileRef = A96316D81BCC71CD0042DB95 /* ClosureTypes.swift */; };
		A96316DB1BCCF5D60042DB95 /* AsyncAwait.swift in Sources */ = {isa = PBXBuildFile; fileRef = A96316DA1BCCF5D60042DB95 /* AsyncAwait.swift */; };
		A9B63EAB1B301743001DD0CE /* NetworkOperation.swift in Sources */ = {isa = PBXBuildFile; fileRef = A9B63EAA1B301743001DD0CE /* NetworkOperation.swift */; };
		A9B6DA301BFAB0220033CB85 /* CollectionExtensions.swift in Sources */ = {isa = PBXBuildFile; fileRef = A9B6DA2F1BFAB0220033CB85 /* CollectionExtensions.swift */; };
		A9B6DA321BFB29490033CB85 /* ArrayTest.swift in Sources */ = {isa = PBXBuildFile; fileRef = A9B6DA311BFB29490033CB85 /* ArrayTest.swift */; };
		A9C088961BD4E4C6000C16D3 /* Event.swift in Sources */ = {isa = PBXBuildFile; fileRef = A9C088951BD4E4C6000C16D3 /* Event.swift */; };
		A9C088981BD4E633000C16D3 /* EventTest.swift in Sources */ = {isa = PBXBuildFile; fileRef = A9C088971BD4E633000C16D3 /* EventTest.swift */; };
		A9C0889A1BD62FB3000C16D3 /* Timer.swift in Sources */ = {isa = PBXBuildFile; fileRef = A9C088991BD62FB3000C16D3 /* Timer.swift */; };
		A9C0889C1BD6334C000C16D3 /* TimerTest.swift in Sources */ = {isa = PBXBuildFile; fileRef = A9C0889B1BD6334C000C16D3 /* TimerTest.swift */; };
		A9D4094C1BC8A4AD00019387 /* DateExtensions.swift in Sources */ = {isa = PBXBuildFile; fileRef = A9D4094B1BC8A4AD00019387 /* DateExtensions.swift */; };
		A9DE9C271B7DEAE5008C3FBC /* ScrollViewExtensions.swift in Sources */ = {isa = PBXBuildFile; fileRef = A9DE9C261B7DEAE5008C3FBC /* ScrollViewExtensions.swift */; };
		A9DE9C2B1B7F3DB6008C3FBC /* DictionaryExtensions.swift in Sources */ = {isa = PBXBuildFile; fileRef = A9DE9C2A1B7F3DB6008C3FBC /* DictionaryExtensions.swift */; };
		A9FE2F501B7C8AB400EE5F3F /* FileManagerExtensions.swift in Sources */ = {isa = PBXBuildFile; fileRef = A9FE2F4F1B7C8AB400EE5F3F /* FileManagerExtensions.swift */; };
/* End PBXBuildFile section */

/* Begin PBXContainerItemProxy section */
		A942A9931A9F251900C69271 /* PBXContainerItemProxy */ = {
			isa = PBXContainerItemProxy;
			containerPortal = A942A97D1A9F251800C69271 /* Project object */;
			proxyType = 1;
			remoteGlobalIDString = A942A9851A9F251800C69271;
			remoteInfo = SpearSwiftLib;
		};
/* End PBXContainerItemProxy section */

/* Begin PBXFileReference section */
		A91890B61B6CE866005CA6B3 /* ImageCache.swift */ = {isa = PBXFileReference; fileEncoding = 4; lastKnownFileType = sourcecode.swift; path = ImageCache.swift; sourceTree = "<group>"; };
		A92424A61BF3519E00175774 /* BaseOperation.swift */ = {isa = PBXFileReference; fileEncoding = 4; lastKnownFileType = sourcecode.swift; path = BaseOperation.swift; sourceTree = "<group>"; };
		A92BE2681BEC9E3200AF5B6E /* LocalNotification.swift */ = {isa = PBXFileReference; fileEncoding = 4; lastKnownFileType = sourcecode.swift; path = LocalNotification.swift; sourceTree = "<group>"; };
		A92CC47D1B3BF55500593257 /* LocalExtensions.swift */ = {isa = PBXFileReference; fileEncoding = 4; lastKnownFileType = sourcecode.swift; path = LocalExtensions.swift; sourceTree = "<group>"; };
		A93479581BDF75770069B2BC /* StringBuilder.swift */ = {isa = PBXFileReference; fileEncoding = 4; lastKnownFileType = sourcecode.swift; path = StringBuilder.swift; sourceTree = "<group>"; };
		A934795A1BDF7B450069B2BC /* StringBuilderTest.swift */ = {isa = PBXFileReference; fileEncoding = 4; lastKnownFileType = sourcecode.swift; path = StringBuilderTest.swift; sourceTree = "<group>"; };
		A93FB8921B3244FE0017E3E9 /* StringExtensions.swift */ = {isa = PBXFileReference; fileEncoding = 4; lastKnownFileType = sourcecode.swift; path = StringExtensions.swift; sourceTree = "<group>"; };
		A93FB8941B3245DD0017E3E9 /* StringTests.swift */ = {isa = PBXFileReference; fileEncoding = 4; lastKnownFileType = sourcecode.swift; path = StringTests.swift; sourceTree = "<group>"; };
		A942A9861A9F251800C69271 /* SpearSwiftLib.framework */ = {isa = PBXFileReference; explicitFileType = wrapper.framework; includeInIndex = 0; path = SpearSwiftLib.framework; sourceTree = BUILT_PRODUCTS_DIR; };
		A942A98A1A9F251800C69271 /* Info.plist */ = {isa = PBXFileReference; lastKnownFileType = text.plist.xml; path = Info.plist; sourceTree = "<group>"; };
		A942A98B1A9F251800C69271 /* SpearSwiftLib.h */ = {isa = PBXFileReference; lastKnownFileType = sourcecode.c.h; path = SpearSwiftLib.h; sourceTree = "<group>"; };
		A942A9911A9F251900C69271 /* SpearSwiftLibTests.xctest */ = {isa = PBXFileReference; explicitFileType = wrapper.cfbundle; includeInIndex = 0; path = SpearSwiftLibTests.xctest; sourceTree = BUILT_PRODUCTS_DIR; };
		A942A9971A9F251900C69271 /* Info.plist */ = {isa = PBXFileReference; lastKnownFileType = text.plist.xml; path = Info.plist; sourceTree = "<group>"; };
		A942A9981A9F251900C69271 /* SpearSwiftLibTests.swift */ = {isa = PBXFileReference; lastKnownFileType = sourcecode.swift; path = SpearSwiftLibTests.swift; sourceTree = "<group>"; };
		A942A9A21A9F252F00C69271 /* Shuffle.swift */ = {isa = PBXFileReference; fileEncoding = 4; lastKnownFileType = sourcecode.swift; path = Shuffle.swift; sourceTree = "<group>"; };
		A96316D81BCC71CD0042DB95 /* ClosureTypes.swift */ = {isa = PBXFileReference; fileEncoding = 4; lastKnownFileType = sourcecode.swift; path = ClosureTypes.swift; sourceTree = "<group>"; };
		A96316DA1BCCF5D60042DB95 /* AsyncAwait.swift */ = {isa = PBXFileReference; fileEncoding = 4; lastKnownFileType = sourcecode.swift; path = AsyncAwait.swift; sourceTree = "<group>"; };
		A9B63EAA1B301743001DD0CE /* NetworkOperation.swift */ = {isa = PBXFileReference; fileEncoding = 4; lastKnownFileType = sourcecode.swift; path = NetworkOperation.swift; sourceTree = "<group>"; };
		A9B6DA2F1BFAB0220033CB85 /* CollectionExtensions.swift */ = {isa = PBXFileReference; fileEncoding = 4; lastKnownFileType = sourcecode.swift; path = CollectionExtensions.swift; sourceTree = "<group>"; };
		A9B6DA311BFB29490033CB85 /* ArrayTest.swift */ = {isa = PBXFileReference; fileEncoding = 4; lastKnownFileType = sourcecode.swift; path = ArrayTest.swift; sourceTree = "<group>"; };
		A9C088951BD4E4C6000C16D3 /* Event.swift */ = {isa = PBXFileReference; fileEncoding = 4; lastKnownFileType = sourcecode.swift; path = Event.swift; sourceTree = "<group>"; };
		A9C088971BD4E633000C16D3 /* EventTest.swift */ = {isa = PBXFileReference; fileEncoding = 4; lastKnownFileType = sourcecode.swift; path = EventTest.swift; sourceTree = "<group>"; };
		A9C088991BD62FB3000C16D3 /* Timer.swift */ = {isa = PBXFileReference; fileEncoding = 4; lastKnownFileType = sourcecode.swift; path = Timer.swift; sourceTree = "<group>"; };
		A9C0889B1BD6334C000C16D3 /* TimerTest.swift */ = {isa = PBXFileReference; fileEncoding = 4; lastKnownFileType = sourcecode.swift; path = TimerTest.swift; sourceTree = "<group>"; };
		A9D4094B1BC8A4AD00019387 /* DateExtensions.swift */ = {isa = PBXFileReference; fileEncoding = 4; lastKnownFileType = sourcecode.swift; path = DateExtensions.swift; sourceTree = "<group>"; };
		A9DE9C261B7DEAE5008C3FBC /* ScrollViewExtensions.swift */ = {isa = PBXFileReference; fileEncoding = 4; lastKnownFileType = sourcecode.swift; path = ScrollViewExtensions.swift; sourceTree = "<group>"; };
		A9DE9C2A1B7F3DB6008C3FBC /* DictionaryExtensions.swift */ = {isa = PBXFileReference; fileEncoding = 4; lastKnownFileType = sourcecode.swift; path = DictionaryExtensions.swift; sourceTree = "<group>"; };
		A9FE2F4F1B7C8AB400EE5F3F /* FileManagerExtensions.swift */ = {isa = PBXFileReference; fileEncoding = 4; lastKnownFileType = sourcecode.swift; path = FileManagerExtensions.swift; sourceTree = "<group>"; };
/* End PBXFileReference section */

/* Begin PBXFrameworksBuildPhase section */
		A942A9821A9F251800C69271 /* Frameworks */ = {
			isa = PBXFrameworksBuildPhase;
			buildActionMask = 2147483647;
			files = (
			);
			runOnlyForDeploymentPostprocessing = 0;
		};
		A942A98E1A9F251900C69271 /* Frameworks */ = {
			isa = PBXFrameworksBuildPhase;
			buildActionMask = 2147483647;
			files = (
				A942A9921A9F251900C69271 /* SpearSwiftLib.framework in Frameworks */,
			);
			runOnlyForDeploymentPostprocessing = 0;
		};
/* End PBXFrameworksBuildPhase section */

/* Begin PBXGroup section */
		A92CC47C1B3BF53700593257 /* Extensions */ = {
			isa = PBXGroup;
			children = (
				A93FB8921B3244FE0017E3E9 /* StringExtensions.swift */,
				A92CC47D1B3BF55500593257 /* LocalExtensions.swift */,
				A9FE2F4F1B7C8AB400EE5F3F /* FileManagerExtensions.swift */,
				A9DE9C261B7DEAE5008C3FBC /* ScrollViewExtensions.swift */,
				A9DE9C2A1B7F3DB6008C3FBC /* DictionaryExtensions.swift */,
				A9D4094B1BC8A4AD00019387 /* DateExtensions.swift */,
				A9B6DA2F1BFAB0220033CB85 /* CollectionExtensions.swift */,
			);
			name = Extensions;
			sourceTree = "<group>";
		};
		A942A97C1A9F251800C69271 = {
			isa = PBXGroup;
			children = (
				A942A9881A9F251800C69271 /* SpearSwiftLib */,
				A942A9951A9F251900C69271 /* SpearSwiftLibTests */,
				A942A9871A9F251800C69271 /* Products */,
			);
			sourceTree = "<group>";
		};
		A942A9871A9F251800C69271 /* Products */ = {
			isa = PBXGroup;
			children = (
				A942A9861A9F251800C69271 /* SpearSwiftLib.framework */,
				A942A9911A9F251900C69271 /* SpearSwiftLibTests.xctest */,
			);
			name = Products;
			sourceTree = "<group>";
		};
		A942A9881A9F251800C69271 /* SpearSwiftLib */ = {
			isa = PBXGroup;
			children = (
				A91890B61B6CE866005CA6B3 /* ImageCache.swift */,
				A92CC47C1B3BF53700593257 /* Extensions */,
				A942A9A21A9F252F00C69271 /* Shuffle.swift */,
				A942A98B1A9F251800C69271 /* SpearSwiftLib.h */,
				A942A9891A9F251800C69271 /* Supporting Files */,
				A9B63EAA1B301743001DD0CE /* NetworkOperation.swift */,
				A96316D81BCC71CD0042DB95 /* ClosureTypes.swift */,
				A96316DA1BCCF5D60042DB95 /* AsyncAwait.swift */,
				A9C088951BD4E4C6000C16D3 /* Event.swift */,
				A9C088991BD62FB3000C16D3 /* Timer.swift */,
				A93479581BDF75770069B2BC /* StringBuilder.swift */,
				A92BE2681BEC9E3200AF5B6E /* LocalNotification.swift */,
				A92424A61BF3519E00175774 /* BaseOperation.swift */,
			);
			path = SpearSwiftLib;
			sourceTree = "<group>";
		};
		A942A9891A9F251800C69271 /* Supporting Files */ = {
			isa = PBXGroup;
			children = (
				A942A98A1A9F251800C69271 /* Info.plist */,
			);
			name = "Supporting Files";
			sourceTree = "<group>";
		};
		A942A9951A9F251900C69271 /* SpearSwiftLibTests */ = {
			isa = PBXGroup;
			children = (
				A942A9981A9F251900C69271 /* SpearSwiftLibTests.swift */,
				A942A9961A9F251900C69271 /* Supporting Files */,
				A93FB8941B3245DD0017E3E9 /* StringTests.swift */,
				A9C088971BD4E633000C16D3 /* EventTest.swift */,
				A9C0889B1BD6334C000C16D3 /* TimerTest.swift */,
				A934795A1BDF7B450069B2BC /* StringBuilderTest.swift */,
				A9B6DA311BFB29490033CB85 /* ArrayTest.swift */,
			);
			path = SpearSwiftLibTests;
			sourceTree = "<group>";
		};
		A942A9961A9F251900C69271 /* Supporting Files */ = {
			isa = PBXGroup;
			children = (
				A942A9971A9F251900C69271 /* Info.plist */,
			);
			name = "Supporting Files";
			sourceTree = "<group>";
		};
/* End PBXGroup section */

/* Begin PBXHeadersBuildPhase section */
		A942A9831A9F251800C69271 /* Headers */ = {
			isa = PBXHeadersBuildPhase;
			buildActionMask = 2147483647;
			files = (
				A942A98C1A9F251800C69271 /* SpearSwiftLib.h in Headers */,
			);
			runOnlyForDeploymentPostprocessing = 0;
		};
/* End PBXHeadersBuildPhase section */

/* Begin PBXNativeTarget section */
		A942A9851A9F251800C69271 /* SpearSwiftLib */ = {
			isa = PBXNativeTarget;
			buildConfigurationList = A942A99C1A9F251900C69271 /* Build configuration list for PBXNativeTarget "SpearSwiftLib" */;
			buildPhases = (
				A942A9811A9F251800C69271 /* Sources */,
				A942A9821A9F251800C69271 /* Frameworks */,
				A942A9831A9F251800C69271 /* Headers */,
				A942A9841A9F251800C69271 /* Resources */,
			);
			buildRules = (
			);
			dependencies = (
			);
			name = SpearSwiftLib;
			productName = SpearSwiftLib;
			productReference = A942A9861A9F251800C69271 /* SpearSwiftLib.framework */;
			productType = "com.apple.product-type.framework";
		};
		A942A9901A9F251900C69271 /* SpearSwiftLibTests */ = {
			isa = PBXNativeTarget;
			buildConfigurationList = A942A99F1A9F251900C69271 /* Build configuration list for PBXNativeTarget "SpearSwiftLibTests" */;
			buildPhases = (
				A942A98D1A9F251900C69271 /* Sources */,
				A942A98E1A9F251900C69271 /* Frameworks */,
				A942A98F1A9F251900C69271 /* Resources */,
			);
			buildRules = (
			);
			dependencies = (
				A942A9941A9F251900C69271 /* PBXTargetDependency */,
			);
			name = SpearSwiftLibTests;
			productName = SpearSwiftLibTests;
			productReference = A942A9911A9F251900C69271 /* SpearSwiftLibTests.xctest */;
			productType = "com.apple.product-type.bundle.unit-test";
		};
/* End PBXNativeTarget section */

/* Begin PBXProject section */
		A942A97D1A9F251800C69271 /* Project object */ = {
			isa = PBXProject;
			attributes = {
				LastSwiftMigration = 0700;
				LastUpgradeCheck = 0700;
				ORGANIZATIONNAME = spearware;
				TargetAttributes = {
					A942A9851A9F251800C69271 = {
						CreatedOnToolsVersion = 6.1.1;
					};
					A942A9901A9F251900C69271 = {
						CreatedOnToolsVersion = 6.1.1;
					};
				};
			};
			buildConfigurationList = A942A9801A9F251800C69271 /* Build configuration list for PBXProject "SpearSwiftLib" */;
			compatibilityVersion = "Xcode 3.2";
			developmentRegion = English;
			hasScannedForEncodings = 0;
			knownRegions = (
				en,
			);
			mainGroup = A942A97C1A9F251800C69271;
			productRefGroup = A942A9871A9F251800C69271 /* Products */;
			projectDirPath = "";
			projectRoot = "";
			targets = (
				A942A9851A9F251800C69271 /* SpearSwiftLib */,
				A942A9901A9F251900C69271 /* SpearSwiftLibTests */,
			);
		};
/* End PBXProject section */

/* Begin PBXResourcesBuildPhase section */
		A942A9841A9F251800C69271 /* Resources */ = {
			isa = PBXResourcesBuildPhase;
			buildActionMask = 2147483647;
			files = (
			);
			runOnlyForDeploymentPostprocessing = 0;
		};
		A942A98F1A9F251900C69271 /* Resources */ = {
			isa = PBXResourcesBuildPhase;
			buildActionMask = 2147483647;
			files = (
			);
			runOnlyForDeploymentPostprocessing = 0;
		};
/* End PBXResourcesBuildPhase section */

/* Begin PBXSourcesBuildPhase section */
		A942A9811A9F251800C69271 /* Sources */ = {
			isa = PBXSourcesBuildPhase;
			buildActionMask = 2147483647;
			files = (
				A9DE9C271B7DEAE5008C3FBC /* ScrollViewExtensions.swift in Sources */,
				A96316DB1BCCF5D60042DB95 /* AsyncAwait.swift in Sources */,
				A91890B71B6CE866005CA6B3 /* ImageCache.swift in Sources */,
				A93FB8931B3244FE0017E3E9 /* StringExtensions.swift in Sources */,
				A9C0889A1BD62FB3000C16D3 /* Timer.swift in Sources */,
				A9C088961BD4E4C6000C16D3 /* Event.swift in Sources */,
				A93479591BDF75770069B2BC /* StringBuilder.swift in Sources */,
				A96316D91BCC71CD0042DB95 /* ClosureTypes.swift in Sources */,
				A92BE2691BEC9E3200AF5B6E /* LocalNotification.swift in Sources */,
				A9DE9C2B1B7F3DB6008C3FBC /* DictionaryExtensions.swift in Sources */,
				A92424A71BF3519E00175774 /* BaseOperation.swift in Sources */,
				A9B63EAB1B301743001DD0CE /* NetworkOperation.swift in Sources */,
				A9D4094C1BC8A4AD00019387 /* DateExtensions.swift in Sources */,
				A942A9A31A9F252F00C69271 /* Shuffle.swift in Sources */,
				A9B6DA301BFAB0220033CB85 /* CollectionExtensions.swift in Sources */,
				A92CC47E1B3BF55500593257 /* LocalExtensions.swift in Sources */,
				A9FE2F501B7C8AB400EE5F3F /* FileManagerExtensions.swift in Sources */,
			);
			runOnlyForDeploymentPostprocessing = 0;
		};
		A942A98D1A9F251900C69271 /* Sources */ = {
			isa = PBXSourcesBuildPhase;
			buildActionMask = 2147483647;
			files = (
				A9C088981BD4E633000C16D3 /* EventTest.swift in Sources */,
				A93FB8951B3245DD0017E3E9 /* StringTests.swift in Sources */,
				A942A9991A9F251900C69271 /* SpearSwiftLibTests.swift in Sources */,
				A934795B1BDF7B450069B2BC /* StringBuilderTest.swift in Sources */,
				A9C0889C1BD6334C000C16D3 /* TimerTest.swift in Sources */,
				A9B6DA321BFB29490033CB85 /* ArrayTest.swift in Sources */,
			);
			runOnlyForDeploymentPostprocessing = 0;
		};
/* End PBXSourcesBuildPhase section */

/* Begin PBXTargetDependency section */
		A942A9941A9F251900C69271 /* PBXTargetDependency */ = {
			isa = PBXTargetDependency;
			target = A942A9851A9F251800C69271 /* SpearSwiftLib */;
			targetProxy = A942A9931A9F251900C69271 /* PBXContainerItemProxy */;
		};
/* End PBXTargetDependency section */

/* Begin XCBuildConfiguration section */
		A942A99A1A9F251900C69271 /* Debug */ = {
			isa = XCBuildConfiguration;
			buildSettings = {
				ALWAYS_SEARCH_USER_PATHS = NO;
				CLANG_CXX_LANGUAGE_STANDARD = "gnu++0x";
				CLANG_CXX_LIBRARY = "libc++";
				CLANG_ENABLE_MODULES = YES;
				CLANG_ENABLE_OBJC_ARC = YES;
				CLANG_WARN_BOOL_CONVERSION = YES;
				CLANG_WARN_CONSTANT_CONVERSION = YES;
				CLANG_WARN_DIRECT_OBJC_ISA_USAGE = YES_ERROR;
				CLANG_WARN_EMPTY_BODY = YES;
				CLANG_WARN_ENUM_CONVERSION = YES;
				CLANG_WARN_INT_CONVERSION = YES;
				CLANG_WARN_OBJC_ROOT_CLASS = YES_ERROR;
				CLANG_WARN_UNREACHABLE_CODE = YES;
				CLANG_WARN__DUPLICATE_METHOD_MATCH = YES;
				"CODE_SIGN_IDENTITY[sdk=iphoneos*]" = "iPhone Developer";
				COPY_PHASE_STRIP = NO;
				CURRENT_PROJECT_VERSION = 1;
				ENABLE_STRICT_OBJC_MSGSEND = YES;
				ENABLE_TESTABILITY = YES;
				GCC_C_LANGUAGE_STANDARD = gnu99;
				GCC_DYNAMIC_NO_PIC = NO;
				GCC_OPTIMIZATION_LEVEL = 0;
				GCC_PREPROCESSOR_DEFINITIONS = (
					"DEBUG=1",
					"$(inherited)",
				);
				GCC_SYMBOLS_PRIVATE_EXTERN = NO;
				GCC_WARN_64_TO_32_BIT_CONVERSION = YES;
				GCC_WARN_ABOUT_RETURN_TYPE = YES_ERROR;
				GCC_WARN_UNDECLARED_SELECTOR = YES;
				GCC_WARN_UNINITIALIZED_AUTOS = YES_AGGRESSIVE;
				GCC_WARN_UNUSED_FUNCTION = YES;
				GCC_WARN_UNUSED_VARIABLE = YES;
				IPHONEOS_DEPLOYMENT_TARGET = 8.4;
				MTL_ENABLE_DEBUG_INFO = YES;
				ONLY_ACTIVE_ARCH = YES;
				SDKROOT = iphoneos;
				SWIFT_OPTIMIZATION_LEVEL = "-Onone";
				TARGETED_DEVICE_FAMILY = "1,2";
				VERSIONING_SYSTEM = "apple-generic";
				VERSION_INFO_PREFIX = "";
			};
			name = Debug;
		};
		A942A99B1A9F251900C69271 /* Release */ = {
			isa = XCBuildConfiguration;
			buildSettings = {
				ALWAYS_SEARCH_USER_PATHS = NO;
				CLANG_CXX_LANGUAGE_STANDARD = "gnu++0x";
				CLANG_CXX_LIBRARY = "libc++";
				CLANG_ENABLE_MODULES = YES;
				CLANG_ENABLE_OBJC_ARC = YES;
				CLANG_WARN_BOOL_CONVERSION = YES;
				CLANG_WARN_CONSTANT_CONVERSION = YES;
				CLANG_WARN_DIRECT_OBJC_ISA_USAGE = YES_ERROR;
				CLANG_WARN_EMPTY_BODY = YES;
				CLANG_WARN_ENUM_CONVERSION = YES;
				CLANG_WARN_INT_CONVERSION = YES;
				CLANG_WARN_OBJC_ROOT_CLASS = YES_ERROR;
				CLANG_WARN_UNREACHABLE_CODE = YES;
				CLANG_WARN__DUPLICATE_METHOD_MATCH = YES;
				"CODE_SIGN_IDENTITY[sdk=iphoneos*]" = "iPhone Developer";
				COPY_PHASE_STRIP = YES;
				CURRENT_PROJECT_VERSION = 1;
				ENABLE_NS_ASSERTIONS = NO;
				ENABLE_STRICT_OBJC_MSGSEND = YES;
				GCC_C_LANGUAGE_STANDARD = gnu99;
				GCC_WARN_64_TO_32_BIT_CONVERSION = YES;
				GCC_WARN_ABOUT_RETURN_TYPE = YES_ERROR;
				GCC_WARN_UNDECLARED_SELECTOR = YES;
				GCC_WARN_UNINITIALIZED_AUTOS = YES_AGGRESSIVE;
				GCC_WARN_UNUSED_FUNCTION = YES;
				GCC_WARN_UNUSED_VARIABLE = YES;
				IPHONEOS_DEPLOYMENT_TARGET = 8.4;
				MTL_ENABLE_DEBUG_INFO = NO;
				SDKROOT = iphoneos;
				TARGETED_DEVICE_FAMILY = "1,2";
				VALIDATE_PRODUCT = YES;
				VERSIONING_SYSTEM = "apple-generic";
				VERSION_INFO_PREFIX = "";
			};
			name = Release;
		};
		A942A99D1A9F251900C69271 /* Debug */ = {
			isa = XCBuildConfiguration;
			buildSettings = {
				CLANG_ENABLE_MODULES = YES;
				DEFINES_MODULE = YES;
				DYLIB_COMPATIBILITY_VERSION = 1;
				DYLIB_CURRENT_VERSION = 1;
				DYLIB_INSTALL_NAME_BASE = "@rpath";
				INFOPLIST_FILE = SpearSwiftLib/Info.plist;
				INSTALL_PATH = "$(LOCAL_LIBRARY_DIR)/Frameworks";
				IPHONEOS_DEPLOYMENT_TARGET = 8.4;
				LD_RUNPATH_SEARCH_PATHS = "$(inherited) @executable_path/Frameworks @loader_path/Frameworks";
				PRODUCT_BUNDLE_IDENTIFIER = "com.spearware.$(PRODUCT_NAME:rfc1034identifier)";
				PRODUCT_NAME = "$(TARGET_NAME)";
				SKIP_INSTALL = YES;
				SWIFT_OPTIMIZATION_LEVEL = "-Onone";
			};
			name = Debug;
		};
		A942A99E1A9F251900C69271 /* Release */ = {
			isa = XCBuildConfiguration;
			buildSettings = {
				CLANG_ENABLE_MODULES = YES;
				DEFINES_MODULE = YES;
				DYLIB_COMPATIBILITY_VERSION = 1;
				DYLIB_CURRENT_VERSION = 1;
				DYLIB_INSTALL_NAME_BASE = "@rpath";
				INFOPLIST_FILE = SpearSwiftLib/Info.plist;
				INSTALL_PATH = "$(LOCAL_LIBRARY_DIR)/Frameworks";
				IPHONEOS_DEPLOYMENT_TARGET = 8.4;
				LD_RUNPATH_SEARCH_PATHS = "$(inherited) @executable_path/Frameworks @loader_path/Frameworks";
				PRODUCT_BUNDLE_IDENTIFIER = "com.spearware.$(PRODUCT_NAME:rfc1034identifier)";
				PRODUCT_NAME = "$(TARGET_NAME)";
				SKIP_INSTALL = YES;
			};
			name = Release;
		};
		A942A9A01A9F251900C69271 /* Debug */ = {
			isa = XCBuildConfiguration;
			buildSettings = {
				FRAMEWORK_SEARCH_PATHS = (
					"$(SDKROOT)/Developer/Library/Frameworks",
					"$(inherited)",
				);
				GCC_PREPROCESSOR_DEFINITIONS = (
					"DEBUG=1",
					"$(inherited)",
				);
				INFOPLIST_FILE = SpearSwiftLibTests/Info.plist;
				LD_RUNPATH_SEARCH_PATHS = "$(inherited) @executable_path/Frameworks @loader_path/Frameworks";
				PRODUCT_BUNDLE_IDENTIFIER = "com.spearware.$(PRODUCT_NAME:rfc1034identifier)";
				PRODUCT_NAME = "$(TARGET_NAME)";
			};
			name = Debug;
		};
		A942A9A11A9F251900C69271 /* Release */ = {
			isa = XCBuildConfiguration;
			buildSettings = {
				FRAMEWORK_SEARCH_PATHS = (
					"$(SDKROOT)/Developer/Library/Frameworks",
					"$(inherited)",
				);
				INFOPLIST_FILE = SpearSwiftLibTests/Info.plist;
				LD_RUNPATH_SEARCH_PATHS = "$(inherited) @executable_path/Frameworks @loader_path/Frameworks";
				PRODUCT_BUNDLE_IDENTIFIER = "com.spearware.$(PRODUCT_NAME:rfc1034identifier)";
				PRODUCT_NAME = "$(TARGET_NAME)";
			};
			name = Release;
		};
/* End XCBuildConfiguration section */

/* Begin XCConfigurationList section */
		A942A9801A9F251800C69271 /* Build configuration list for PBXProject "SpearSwiftLib" */ = {
			isa = XCConfigurationList;
			buildConfigurations = (
				A942A99A1A9F251900C69271 /* Debug */,
				A942A99B1A9F251900C69271 /* Release */,
			);
			defaultConfigurationIsVisible = 0;
			defaultConfigurationName = Release;
		};
		A942A99C1A9F251900C69271 /* Build configuration list for PBXNativeTarget "SpearSwiftLib" */ = {
			isa = XCConfigurationList;
			buildConfigurations = (
				A942A99D1A9F251900C69271 /* Debug */,
				A942A99E1A9F251900C69271 /* Release */,
			);
			defaultConfigurationIsVisible = 0;
			defaultConfigurationName = Release;
		};
		A942A99F1A9F251900C69271 /* Build configuration list for PBXNativeTarget "SpearSwiftLibTests" */ = {
			isa = XCConfigurationList;
			buildConfigurations = (
				A942A9A01A9F251900C69271 /* Debug */,
				A942A9A11A9F251900C69271 /* Release */,
			);
			defaultConfigurationIsVisible = 0;
			defaultConfigurationName = Release;
		};
/* End XCConfigurationList section */
	};
	rootObject = A942A97D1A9F251800C69271 /* Project object */;
}
