// !$*UTF8*$!
{
	archiveVersion = 1;
	classes = {
	};
	objectVersion = 46;
	objects = {

/* Begin PBXBuildFile section */
		A90BD31F20D2657000D705E0 /* CommonError.swift in Sources */ = {isa = PBXBuildFile; fileRef = A90BD31E20D2657000D705E0 /* CommonError.swift */; };
		A928C074200A91E500F5743A /* StickyHeaderLayout.swift in Sources */ = {isa = PBXBuildFile; fileRef = A928C073200A91E500F5743A /* StickyHeaderLayout.swift */; };
		A92AE9782109C5C000BA1B1D /* SyncType.swift in Sources */ = {isa = PBXBuildFile; fileRef = A92AE9772109C5C000BA1B1D /* SyncType.swift */; };
		A92AE981210CC40B00BA1B1D /* Log.swift in Sources */ = {isa = PBXBuildFile; fileRef = A92AE980210CC40B00BA1B1D /* Log.swift */; };
		A92B809020A8E5CE004139D3 /* SpearSwiftLibmacOS.h in Headers */ = {isa = PBXBuildFile; fileRef = A92B808E20A8E5CE004139D3 /* SpearSwiftLibmacOS.h */; settings = {ATTRIBUTES = (Public, ); }; };
		A92B809420A8E609004139D3 /* NetworkDownloadable.swift in Sources */ = {isa = PBXBuildFile; fileRef = E63823337456B752B372C462 /* NetworkDownloadable.swift */; };
		A92B809520A8E61B004139D3 /* RequestBuilder.swift in Sources */ = {isa = PBXBuildFile; fileRef = E6382DCD16D8A941299F08F3 /* RequestBuilder.swift */; };
		A92B809620A8E623004139D3 /* GetRequest.swift in Sources */ = {isa = PBXBuildFile; fileRef = A9611AF51EE7EBD80096154A /* GetRequest.swift */; };
		A92B809720A8E62B004139D3 /* NetworkDownloader.swift in Sources */ = {isa = PBXBuildFile; fileRef = E6382CEF98D01D84D83D47A0 /* NetworkDownloader.swift */; };
		A92B809820A8E637004139D3 /* NetworkParameterType.swift in Sources */ = {isa = PBXBuildFile; fileRef = E6382488EAD8E235300DECE8 /* NetworkParameterType.swift */; };
		A92B809920A8E63F004139D3 /* JSONDownloadable.swift in Sources */ = {isa = PBXBuildFile; fileRef = E638201F4A9B805667B6B1D1 /* JSONDownloadable.swift */; };
		A92B809A20A8E644004139D3 /* JSONDownloader.swift in Sources */ = {isa = PBXBuildFile; fileRef = E6382D6F3DA3A191E71CC1DC /* JSONDownloader.swift */; };
		A92B809B20A8E6B1004139D3 /* ClosureTypes.swift in Sources */ = {isa = PBXBuildFile; fileRef = E6382A1FEA4424A44EEA1DA1 /* ClosureTypes.swift */; };
		A92B809C20A8E6C4004139D3 /* Json.swift in Sources */ = {isa = PBXBuildFile; fileRef = E6382DFC210ECAAB73928B17 /* Json.swift */; };
		A92B809D20A8E74A004139D3 /* Observable.swift in Sources */ = {isa = PBXBuildFile; fileRef = A9C162FB205BA2F30091F4C3 /* Observable.swift */; };
		A937A8C6208889EF0089AA68 /* OperationWithClosure.swift in Sources */ = {isa = PBXBuildFile; fileRef = A937A8C5208889EF0089AA68 /* OperationWithClosure.swift */; };
		A941586720A8E7AB00202F1B /* Disposable.swift in Sources */ = {isa = PBXBuildFile; fileRef = A9C45BFE205BBFBE00514561 /* Disposable.swift */; };
		A941586C20A8E87B00202F1B /* NSPointerArrayExtensions.swift in Sources */ = {isa = PBXBuildFile; fileRef = A96CB5FE2060ED16004D509D /* NSPointerArrayExtensions.swift */; };
		A9503DEC1ED6E1100011B5AF /* SpearSwiftLib.framework in Frameworks */ = {isa = PBXBuildFile; fileRef = A942A9861A9F251800C69271 /* SpearSwiftLib.framework */; };
		A9573A8D20AADA0B0078501A /* DateFormatters.swift in Sources */ = {isa = PBXBuildFile; fileRef = A9D01DE51F30733F007F7A74 /* DateFormatters.swift */; };
		A957F6391FD4115100A49ACB /* LocationFindableFake.swift in Sources */ = {isa = PBXBuildFile; fileRef = A957F6381FD4115100A49ACB /* LocationFindableFake.swift */; };
		A960FE6521DCBAD700323213 /* UIColorExtensions.swift in Sources */ = {isa = PBXBuildFile; fileRef = A960FE6421DCBAD700323213 /* UIColorExtensions.swift */; };
		A9611AF61EE7EBD80096154A /* GetRequest.swift in Sources */ = {isa = PBXBuildFile; fileRef = A9611AF51EE7EBD80096154A /* GetRequest.swift */; };
		A961CD682085EA7B00EEFE73 /* CurrnetLocationPermissionStatus.swift in Sources */ = {isa = PBXBuildFile; fileRef = A961CD672085EA7B00EEFE73 /* CurrnetLocationPermissionStatus.swift */; };
		A961CD6A2085F53800EEFE73 /* CurrentLocationPermissionStatusFake.swift in Sources */ = {isa = PBXBuildFile; fileRef = A961CD692085F53800EEFE73 /* CurrentLocationPermissionStatusFake.swift */; };
		A9653E121F1BFDA100404BDC /* UIViewControllerExtensions.swift in Sources */ = {isa = PBXBuildFile; fileRef = A9653E111F1BFDA100404BDC /* UIViewControllerExtensions.swift */; };
		A96CB5FF2060ED16004D509D /* NSPointerArrayExtensions.swift in Sources */ = {isa = PBXBuildFile; fileRef = A96CB5FE2060ED16004D509D /* NSPointerArrayExtensions.swift */; };
		A97B76B21FCEBBFF002F8A40 /* LocationFinderTest.swift in Sources */ = {isa = PBXBuildFile; fileRef = A97B76B11FCEBBFF002F8A40 /* LocationFinderTest.swift */; };
		A97B76B51FCEC234002F8A40 /* LocationFinder.swift in Sources */ = {isa = PBXBuildFile; fileRef = A97B76B41FCEC234002F8A40 /* LocationFinder.swift */; };
		A97B76BB1FD00C09002F8A40 /* GeocodeFinder.swift in Sources */ = {isa = PBXBuildFile; fileRef = A97B76BA1FD00C09002F8A40 /* GeocodeFinder.swift */; };
		A97B76BD1FD012DF002F8A40 /* GeocodeFinderFake.swift in Sources */ = {isa = PBXBuildFile; fileRef = A97B76BC1FD012DF002F8A40 /* GeocodeFinderFake.swift */; };
		A97B76C11FD2BB68002F8A40 /* LocationManageable.swift in Sources */ = {isa = PBXBuildFile; fileRef = A97B76C01FD2BB68002F8A40 /* LocationManageable.swift */; };
		A97C6D381EF6DD3E00CE9629 /* CLLocationCoordinate2DExtensions.swift in Sources */ = {isa = PBXBuildFile; fileRef = A97C6D371EF6DD3E00CE9629 /* CLLocationCoordinate2DExtensions.swift */; };
		A97C6D3A1EF6E06D00CE9629 /* CLLocationCoordinate2DExtensionsTest.swift in Sources */ = {isa = PBXBuildFile; fileRef = A97C6D391EF6E06D00CE9629 /* CLLocationCoordinate2DExtensionsTest.swift */; };
		A97C6D3B1EF6E08200CE9629 /* CLLocationCoordinate2DExtensions.swift in Sources */ = {isa = PBXBuildFile; fileRef = A97C6D371EF6DD3E00CE9629 /* CLLocationCoordinate2DExtensions.swift */; };
		A99A985E223EDF82009587A9 /* TableSync.swift in Sources */ = {isa = PBXBuildFile; fileRef = A99A985D223EDF82009587A9 /* TableSync.swift */; };
		A99B282620A8EE04000601BB /* NSURLParameters.swift in Sources */ = {isa = PBXBuildFile; fileRef = E6382BAA186B5807200ED203 /* NSURLParameters.swift */; };
		A9A01A2121C3BF76009383A1 /* Decimal.swift in Sources */ = {isa = PBXBuildFile; fileRef = A9A01A2021C3BF76009383A1 /* Decimal.swift */; };
		A9A14CF01EE480AD00E1FAF7 /* ArrayTest.swift in Sources */ = {isa = PBXBuildFile; fileRef = A9A14CD91EE4804B00E1FAF7 /* ArrayTest.swift */; };
		A9A14CF11EE480F400E1FAF7 /* StringTests.swift in Sources */ = {isa = PBXBuildFile; fileRef = A9A14CE41EE4804B00E1FAF7 /* StringTests.swift */; };
		A9A14CF21EE4810000E1FAF7 /* StringBuilderTest.swift in Sources */ = {isa = PBXBuildFile; fileRef = A9A14CE31EE4804B00E1FAF7 /* StringBuilderTest.swift */; };
		A9A14CF31EE4810200E1FAF7 /* OperationTest.swift in Sources */ = {isa = PBXBuildFile; fileRef = A9A14CE21EE4804B00E1FAF7 /* OperationTest.swift */; };
		A9A14CF41EE4810600E1FAF7 /* JsonDownloaderTest.swift in Sources */ = {isa = PBXBuildFile; fileRef = A9A14CE11EE4804B00E1FAF7 /* JsonDownloaderTest.swift */; };
		A9A14CF51EE4810A00E1FAF7 /* NetworkDownloadableMock.swift in Sources */ = {isa = PBXBuildFile; fileRef = A9A14CDF1EE4804B00E1FAF7 /* NetworkDownloadableMock.swift */; };
		A9A14CF61EE4811B00E1FAF7 /* DateTest.swift in Sources */ = {isa = PBXBuildFile; fileRef = A9A14CDB1EE4804B00E1FAF7 /* DateTest.swift */; };
		A9A14CF71EE4811E00E1FAF7 /* BoundingBoxTest.swift in Sources */ = {isa = PBXBuildFile; fileRef = A9A14CDA1EE4804B00E1FAF7 /* BoundingBoxTest.swift */; };
		A9A14CFA1EE4850C00E1FAF7 /* RequestBuildableMock.swift in Sources */ = {isa = PBXBuildFile; fileRef = A9A14CF91EE4850C00E1FAF7 /* RequestBuildableMock.swift */; };
		A9ADC6A7216136F000DECD69 /* UIView+Layout.swift in Sources */ = {isa = PBXBuildFile; fileRef = A9ADC6A6216136F000DECD69 /* UIView+Layout.swift */; };
		A9C162FC205BA2F30091F4C3 /* Observable.swift in Sources */ = {isa = PBXBuildFile; fileRef = A9C162FB205BA2F30091F4C3 /* Observable.swift */; };
		A9C45BFF205BBFBE00514561 /* Disposable.swift in Sources */ = {isa = PBXBuildFile; fileRef = A9C45BFE205BBFBE00514561 /* Disposable.swift */; };
		A9C45C01205D0AD300514561 /* ObservableTest.swift in Sources */ = {isa = PBXBuildFile; fileRef = A9C45C00205D0AD300514561 /* ObservableTest.swift */; };
		A9C8A4471FD2DD520069CC27 /* LocationManageableFake.swift in Sources */ = {isa = PBXBuildFile; fileRef = A9C8A4461FD2DD520069CC27 /* LocationManageableFake.swift */; };
		A9D01DE61F30733F007F7A74 /* DateFormatters.swift in Sources */ = {isa = PBXBuildFile; fileRef = A9D01DE51F30733F007F7A74 /* DateFormatters.swift */; };
		A9D5AC8A204C218800BEAA75 /* BaseNotification.swift in Sources */ = {isa = PBXBuildFile; fileRef = A9D5AC89204C218800BEAA75 /* BaseNotification.swift */; };
		A9D5AC8C204C21B400BEAA75 /* DeviceOrientationChangedNotification.swift in Sources */ = {isa = PBXBuildFile; fileRef = A9D5AC8B204C21B400BEAA75 /* DeviceOrientationChangedNotification.swift */; };
		A9D7B06A215F73FD00388595 /* ObservableEquatable.swift in Sources */ = {isa = PBXBuildFile; fileRef = A9D7B069215F73FD00388595 /* ObservableEquatable.swift */; };
		A9D7FA8B216A3E670077769A /* EventTrackable.swift in Sources */ = {isa = PBXBuildFile; fileRef = A9D7FA8A216A3E670077769A /* EventTrackable.swift */; };
		A9DD450121B2BA9900C92DE8 /* URLSessionPinningDelegate.swift in Sources */ = {isa = PBXBuildFile; fileRef = A9DD450021B2BA9900C92DE8 /* URLSessionPinningDelegate.swift */; };
		A9E4C6332064F55F007735E1 /* OperationWithType.swift in Sources */ = {isa = PBXBuildFile; fileRef = A9E4C6322064F55F007735E1 /* OperationWithType.swift */; };
		A9E575AA20AD82ED003E91B4 /* AppKeys.plist in Resources */ = {isa = PBXBuildFile; fileRef = A9E575A920AD82ED003E91B4 /* AppKeys.plist */; };
		E6382071064046B909E5675E /* BoundingBox.swift in Sources */ = {isa = PBXBuildFile; fileRef = E6382DAF767CBC864F764F7B /* BoundingBox.swift */; };
		E6382084021E0D17E2AFEEB1 /* CurrentDateTime.swift in Sources */ = {isa = PBXBuildFile; fileRef = E6382132FEE6D5DAB8270707 /* CurrentDateTime.swift */; };
		E6382098F0F0DEA735B346F9 /* Platform.swift in Sources */ = {isa = PBXBuildFile; fileRef = E6382A47A433272D3C296340 /* Platform.swift */; };
		E63820D41AE3C8A2A5D6F527 /* StringBuilder.swift in Sources */ = {isa = PBXBuildFile; fileRef = E63825BD8B8EB9D99BFF6E52 /* StringBuilder.swift */; };
		E6382115C8363969E4C75210 /* StringExtensions.swift in Sources */ = {isa = PBXBuildFile; fileRef = E63825DD573AAF519D5C43E2 /* StringExtensions.swift */; };
		E638211AAE27D2B1400A05E6 /* Json.swift in Sources */ = {isa = PBXBuildFile; fileRef = E6382DFC210ECAAB73928B17 /* Json.swift */; };
		E6382120B10ED5F42BAD2ACA /* ImageDownloader.swift in Sources */ = {isa = PBXBuildFile; fileRef = E6382E2D01ECC838D35133E9 /* ImageDownloader.swift */; };
		E63821430DA6273A46C8EF51 /* ImageDownloadable.swift in Sources */ = {isa = PBXBuildFile; fileRef = E6382B9053C8917FCC9D5707 /* ImageDownloadable.swift */; };
		E638218B9054A7D862B56367 /* ScrollViewExtensions.swift in Sources */ = {isa = PBXBuildFile; fileRef = E6382594E62CEF6138C665FD /* ScrollViewExtensions.swift */; };
		E63822B759494C70E92F7E77 /* FileManagerExtensions.swift in Sources */ = {isa = PBXBuildFile; fileRef = E6382975ADF9F875F89B5224 /* FileManagerExtensions.swift */; };
		E63823907A2E6FC054C9BB2A /* CurrentLocationPermissionRequestor.swift in Sources */ = {isa = PBXBuildFile; fileRef = E6382D136BBABE576A7ECFD3 /* CurrentLocationPermissionRequestor.swift */; };
		E638247E684B79425FF5896B /* RequestBuilder.swift in Sources */ = {isa = PBXBuildFile; fileRef = E6382DCD16D8A941299F08F3 /* RequestBuilder.swift */; };
		E6382488D8E292E2CF93B10F /* NetworkDownloadable.swift in Sources */ = {isa = PBXBuildFile; fileRef = E63823337456B752B372C462 /* NetworkDownloadable.swift */; };
		E63824A90C85F100812A9C27 /* NetworkDownloader.swift in Sources */ = {isa = PBXBuildFile; fileRef = E6382CEF98D01D84D83D47A0 /* NetworkDownloader.swift */; };
		E638250509C7F81A6F885948 /* NotificationMessageView.swift in Sources */ = {isa = PBXBuildFile; fileRef = E6382A05CD63F45A3F63AB4E /* NotificationMessageView.swift */; };
		E6382548CAB377F4029D854C /* NetworkParameterType.swift in Sources */ = {isa = PBXBuildFile; fileRef = E6382488EAD8E235300DECE8 /* NetworkParameterType.swift */; };
		E638255C63D83775B55E645B /* NSURLParameters.swift in Sources */ = {isa = PBXBuildFile; fileRef = E6382BAA186B5807200ED203 /* NSURLParameters.swift */; };
		E63825DC73D0E5D8DBAEEEBE /* LinkList.swift in Sources */ = {isa = PBXBuildFile; fileRef = E63824D7918342D59C03FCEC /* LinkList.swift */; };
		E63826377CA5ED6CD53F4054 /* NumberExtensions.swift in Sources */ = {isa = PBXBuildFile; fileRef = E63821721770246A2EEE4BEB /* NumberExtensions.swift */; };
		E6382688A9AB20D46AB5FF4E /* ClosureTypes.swift in Sources */ = {isa = PBXBuildFile; fileRef = E6382A1FEA4424A44EEA1DA1 /* ClosureTypes.swift */; };
		E6382695823D315D47B411FA /* ForegroundNotification.swift in Sources */ = {isa = PBXBuildFile; fileRef = E63827F8D8E1521CBF91C794 /* ForegroundNotification.swift */; };
		E638272FEFEBB94CFEE02BB1 /* BaseOperation.swift in Sources */ = {isa = PBXBuildFile; fileRef = E638217124D04DC7A8288430 /* BaseOperation.swift */; };
		E6382849D833393FFA14B30F /* ImageCache.swift in Sources */ = {isa = PBXBuildFile; fileRef = E638222091888F5E24B285C8 /* ImageCache.swift */; };
		E63828F97F9F836663C0F919 /* JSONDownloadable.swift in Sources */ = {isa = PBXBuildFile; fileRef = E638201F4A9B805667B6B1D1 /* JSONDownloadable.swift */; };
		E6382996D24541FF5E7FE8D1 /* CollectionExtensions.swift in Sources */ = {isa = PBXBuildFile; fileRef = E638240EE40B0E69C9769BCC /* CollectionExtensions.swift */; };
		E63829D7CB4D53692A2DB1CD /* LocalExtensions.swift in Sources */ = {isa = PBXBuildFile; fileRef = E63826B0F14639C38C3A3052 /* LocalExtensions.swift */; };
		E63829F5B464D8486D0B5324 /* MKCoordinateRegionExtensions.swift in Sources */ = {isa = PBXBuildFile; fileRef = E63827CA348DC54EDA8D1D69 /* MKCoordinateRegionExtensions.swift */; };
		E6382AE94B745E00D06D2DCB /* JSONDownloader.swift in Sources */ = {isa = PBXBuildFile; fileRef = E6382D6F3DA3A191E71CC1DC /* JSONDownloader.swift */; };
		E6382B6664E3968A2F2EDE0D /* Queue.swift in Sources */ = {isa = PBXBuildFile; fileRef = E63824D493802DF10076CB1F /* Queue.swift */; };
		E6382BCD76C929D4B1CEDF36 /* UIImageExtensions.swift in Sources */ = {isa = PBXBuildFile; fileRef = E6382951D445D72906C275F7 /* UIImageExtensions.swift */; };
		E6382CA68B2E500000E60510 /* CoordinateBoundaries.swift in Sources */ = {isa = PBXBuildFile; fileRef = E63827E2B016FB3128497FEC /* CoordinateBoundaries.swift */; };
		E6382EB48608F84BE9ABE531 /* NavigationBarExtensions.swift in Sources */ = {isa = PBXBuildFile; fileRef = E63826032B758FBCB68E8C0A /* NavigationBarExtensions.swift */; };
		E6382EC6DE90810A25741A60 /* SpearSwiftLib.h in Headers */ = {isa = PBXBuildFile; fileRef = E6382C1AA0142F475A54A631 /* SpearSwiftLib.h */; settings = {ATTRIBUTES = (Public, ); }; };
		E6382ED5D7CA5ED578917FA1 /* DateExtensions.swift in Sources */ = {isa = PBXBuildFile; fileRef = E63824BF4C88FBF8B4DB2665 /* DateExtensions.swift */; };
		E6382F95F9D960B08EAAE58B /* GifExtractor.swift in Sources */ = {isa = PBXBuildFile; fileRef = E638244E34B1FFABBE5C8066 /* GifExtractor.swift */; };
		E6382FFC99CF5DC5734244AE /* UIView+Animations.swift in Sources */ = {isa = PBXBuildFile; fileRef = E6382D57CB2CC0C6436536CF /* UIView+Animations.swift */; };
		E6382FFFDE2A5FFEEEE57A01 /* UIViewExtensions.swift in Sources */ = {isa = PBXBuildFile; fileRef = E638281140B545331D1D11C5 /* UIViewExtensions.swift */; };
/* End PBXBuildFile section */

/* Begin PBXContainerItemProxy section */
		A9503DED1ED6E1100011B5AF /* PBXContainerItemProxy */ = {
			isa = PBXContainerItemProxy;
			containerPortal = A942A97D1A9F251800C69271 /* Project object */;
			proxyType = 1;
			remoteGlobalIDString = A942A9851A9F251800C69271;
			remoteInfo = SpearSwiftLib;
		};
/* End PBXContainerItemProxy section */

/* Begin PBXFileReference section */
		A90BD31E20D2657000D705E0 /* CommonError.swift */ = {isa = PBXFileReference; lastKnownFileType = sourcecode.swift; path = CommonError.swift; sourceTree = "<group>"; };
		A928C073200A91E500F5743A /* StickyHeaderLayout.swift */ = {isa = PBXFileReference; lastKnownFileType = sourcecode.swift; path = StickyHeaderLayout.swift; sourceTree = "<group>"; };
		A92AE9772109C5C000BA1B1D /* SyncType.swift */ = {isa = PBXFileReference; lastKnownFileType = sourcecode.swift; path = SyncType.swift; sourceTree = "<group>"; };
		A92AE980210CC40B00BA1B1D /* Log.swift */ = {isa = PBXFileReference; lastKnownFileType = sourcecode.swift; path = Log.swift; sourceTree = "<group>"; };
		A92B808C20A8E5CE004139D3 /* SpearSwiftLibmacOS.framework */ = {isa = PBXFileReference; explicitFileType = wrapper.framework; includeInIndex = 0; path = SpearSwiftLibmacOS.framework; sourceTree = BUILT_PRODUCTS_DIR; };
		A92B808E20A8E5CE004139D3 /* SpearSwiftLibmacOS.h */ = {isa = PBXFileReference; lastKnownFileType = sourcecode.c.h; path = SpearSwiftLibmacOS.h; sourceTree = "<group>"; };
		A92B808F20A8E5CE004139D3 /* Info.plist */ = {isa = PBXFileReference; lastKnownFileType = text.plist.xml; path = Info.plist; sourceTree = "<group>"; };
		A937A8C5208889EF0089AA68 /* OperationWithClosure.swift */ = {isa = PBXFileReference; lastKnownFileType = sourcecode.swift; path = OperationWithClosure.swift; sourceTree = "<group>"; };
		A942A9861A9F251800C69271 /* SpearSwiftLib.framework */ = {isa = PBXFileReference; explicitFileType = wrapper.framework; includeInIndex = 0; path = SpearSwiftLib.framework; sourceTree = BUILT_PRODUCTS_DIR; };
		A9503DE11ED6DEAD0011B5AF /* SwiftyBeaver.framework */ = {isa = PBXFileReference; lastKnownFileType = wrapper.framework; name = SwiftyBeaver.framework; path = Carthage/Build/iOS/SwiftyBeaver.framework; sourceTree = "<group>"; };
		A9503DE71ED6E1100011B5AF /* SpearSwiftLibTests.xctest */ = {isa = PBXFileReference; explicitFileType = wrapper.cfbundle; includeInIndex = 0; path = SpearSwiftLibTests.xctest; sourceTree = BUILT_PRODUCTS_DIR; };
		A957F6381FD4115100A49ACB /* LocationFindableFake.swift */ = {isa = PBXFileReference; lastKnownFileType = sourcecode.swift; path = LocationFindableFake.swift; sourceTree = "<group>"; };
		A960FE6421DCBAD700323213 /* UIColorExtensions.swift */ = {isa = PBXFileReference; lastKnownFileType = sourcecode.swift; path = UIColorExtensions.swift; sourceTree = "<group>"; };
		A9611AF51EE7EBD80096154A /* GetRequest.swift */ = {isa = PBXFileReference; fileEncoding = 4; lastKnownFileType = sourcecode.swift; path = GetRequest.swift; sourceTree = "<group>"; };
		A961CD672085EA7B00EEFE73 /* CurrnetLocationPermissionStatus.swift */ = {isa = PBXFileReference; lastKnownFileType = sourcecode.swift; path = CurrnetLocationPermissionStatus.swift; sourceTree = "<group>"; };
		A961CD692085F53800EEFE73 /* CurrentLocationPermissionStatusFake.swift */ = {isa = PBXFileReference; lastKnownFileType = sourcecode.swift; path = CurrentLocationPermissionStatusFake.swift; sourceTree = "<group>"; };
		A9653E111F1BFDA100404BDC /* UIViewControllerExtensions.swift */ = {isa = PBXFileReference; fileEncoding = 4; lastKnownFileType = sourcecode.swift; path = UIViewControllerExtensions.swift; sourceTree = "<group>"; };
		A96CB5FE2060ED16004D509D /* NSPointerArrayExtensions.swift */ = {isa = PBXFileReference; fileEncoding = 4; lastKnownFileType = sourcecode.swift; path = NSPointerArrayExtensions.swift; sourceTree = "<group>"; };
		A97B76B11FCEBBFF002F8A40 /* LocationFinderTest.swift */ = {isa = PBXFileReference; lastKnownFileType = sourcecode.swift; path = LocationFinderTest.swift; sourceTree = "<group>"; };
		A97B76B41FCEC234002F8A40 /* LocationFinder.swift */ = {isa = PBXFileReference; fileEncoding = 4; lastKnownFileType = sourcecode.swift; path = LocationFinder.swift; sourceTree = "<group>"; };
		A97B76BA1FD00C09002F8A40 /* GeocodeFinder.swift */ = {isa = PBXFileReference; lastKnownFileType = sourcecode.swift; path = GeocodeFinder.swift; sourceTree = "<group>"; };
		A97B76BC1FD012DF002F8A40 /* GeocodeFinderFake.swift */ = {isa = PBXFileReference; lastKnownFileType = sourcecode.swift; path = GeocodeFinderFake.swift; sourceTree = "<group>"; };
		A97B76C01FD2BB68002F8A40 /* LocationManageable.swift */ = {isa = PBXFileReference; lastKnownFileType = sourcecode.swift; path = LocationManageable.swift; sourceTree = "<group>"; };
		A97C6D371EF6DD3E00CE9629 /* CLLocationCoordinate2DExtensions.swift */ = {isa = PBXFileReference; fileEncoding = 4; lastKnownFileType = sourcecode.swift; path = CLLocationCoordinate2DExtensions.swift; sourceTree = "<group>"; };
		A97C6D391EF6E06D00CE9629 /* CLLocationCoordinate2DExtensionsTest.swift */ = {isa = PBXFileReference; fileEncoding = 4; lastKnownFileType = sourcecode.swift; path = CLLocationCoordinate2DExtensionsTest.swift; sourceTree = "<group>"; };
		A99A985D223EDF82009587A9 /* TableSync.swift */ = {isa = PBXFileReference; lastKnownFileType = sourcecode.swift; path = TableSync.swift; sourceTree = "<group>"; };
		A9A01A2021C3BF76009383A1 /* Decimal.swift */ = {isa = PBXFileReference; lastKnownFileType = sourcecode.swift; path = Decimal.swift; sourceTree = "<group>"; };
		A9A14CD91EE4804B00E1FAF7 /* ArrayTest.swift */ = {isa = PBXFileReference; fileEncoding = 4; lastKnownFileType = sourcecode.swift; path = ArrayTest.swift; sourceTree = "<group>"; };
		A9A14CDA1EE4804B00E1FAF7 /* BoundingBoxTest.swift */ = {isa = PBXFileReference; fileEncoding = 4; lastKnownFileType = sourcecode.swift; path = BoundingBoxTest.swift; sourceTree = "<group>"; };
		A9A14CDB1EE4804B00E1FAF7 /* DateTest.swift */ = {isa = PBXFileReference; fileEncoding = 4; lastKnownFileType = sourcecode.swift; path = DateTest.swift; sourceTree = "<group>"; };
		A9A14CDC1EE4804B00E1FAF7 /* Info.plist */ = {isa = PBXFileReference; fileEncoding = 4; lastKnownFileType = text.plist.xml; path = Info.plist; sourceTree = "<group>"; };
		A9A14CDF1EE4804B00E1FAF7 /* NetworkDownloadableMock.swift */ = {isa = PBXFileReference; fileEncoding = 4; lastKnownFileType = sourcecode.swift; path = NetworkDownloadableMock.swift; sourceTree = "<group>"; };
		A9A14CE11EE4804B00E1FAF7 /* JsonDownloaderTest.swift */ = {isa = PBXFileReference; fileEncoding = 4; lastKnownFileType = sourcecode.swift; path = JsonDownloaderTest.swift; sourceTree = "<group>"; };
		A9A14CE21EE4804B00E1FAF7 /* OperationTest.swift */ = {isa = PBXFileReference; fileEncoding = 4; lastKnownFileType = sourcecode.swift; path = OperationTest.swift; sourceTree = "<group>"; };
		A9A14CE31EE4804B00E1FAF7 /* StringBuilderTest.swift */ = {isa = PBXFileReference; fileEncoding = 4; lastKnownFileType = sourcecode.swift; path = StringBuilderTest.swift; sourceTree = "<group>"; };
		A9A14CE41EE4804B00E1FAF7 /* StringTests.swift */ = {isa = PBXFileReference; fileEncoding = 4; lastKnownFileType = sourcecode.swift; path = StringTests.swift; sourceTree = "<group>"; };
		A9A14CF91EE4850C00E1FAF7 /* RequestBuildableMock.swift */ = {isa = PBXFileReference; fileEncoding = 4; lastKnownFileType = sourcecode.swift; path = RequestBuildableMock.swift; sourceTree = "<group>"; };
		A9ADC6A6216136F000DECD69 /* UIView+Layout.swift */ = {isa = PBXFileReference; lastKnownFileType = sourcecode.swift; path = "UIView+Layout.swift"; sourceTree = "<group>"; };
		A9C162FB205BA2F30091F4C3 /* Observable.swift */ = {isa = PBXFileReference; fileEncoding = 4; lastKnownFileType = sourcecode.swift; path = Observable.swift; sourceTree = "<group>"; };
		A9C45BFE205BBFBE00514561 /* Disposable.swift */ = {isa = PBXFileReference; lastKnownFileType = sourcecode.swift; path = Disposable.swift; sourceTree = "<group>"; };
		A9C45C00205D0AD300514561 /* ObservableTest.swift */ = {isa = PBXFileReference; lastKnownFileType = sourcecode.swift; path = ObservableTest.swift; sourceTree = "<group>"; };
		A9C8A4461FD2DD520069CC27 /* LocationManageableFake.swift */ = {isa = PBXFileReference; lastKnownFileType = sourcecode.swift; path = LocationManageableFake.swift; sourceTree = "<group>"; };
		A9D01DE51F30733F007F7A74 /* DateFormatters.swift */ = {isa = PBXFileReference; fileEncoding = 4; lastKnownFileType = sourcecode.swift; path = DateFormatters.swift; sourceTree = "<group>"; };
		A9D5AC89204C218800BEAA75 /* BaseNotification.swift */ = {isa = PBXFileReference; fileEncoding = 4; lastKnownFileType = sourcecode.swift; path = BaseNotification.swift; sourceTree = "<group>"; };
		A9D5AC8B204C21B400BEAA75 /* DeviceOrientationChangedNotification.swift */ = {isa = PBXFileReference; lastKnownFileType = sourcecode.swift; path = DeviceOrientationChangedNotification.swift; sourceTree = "<group>"; };
		A9D7B069215F73FD00388595 /* ObservableEquatable.swift */ = {isa = PBXFileReference; lastKnownFileType = sourcecode.swift; path = ObservableEquatable.swift; sourceTree = "<group>"; };
		A9D7FA8A216A3E670077769A /* EventTrackable.swift */ = {isa = PBXFileReference; lastKnownFileType = sourcecode.swift; path = EventTrackable.swift; sourceTree = "<group>"; };
		A9D9CE4C1C472D6C00D39DE3 /* SpearSwiftLibOSX.h */ = {isa = PBXFileReference; lastKnownFileType = sourcecode.c.h; path = SpearSwiftLibOSX.h; sourceTree = "<group>"; };
		A9D9CE4E1C472D6C00D39DE3 /* Info.plist */ = {isa = PBXFileReference; lastKnownFileType = text.plist.xml; path = Info.plist; sourceTree = "<group>"; };
		A9DD450021B2BA9900C92DE8 /* URLSessionPinningDelegate.swift */ = {isa = PBXFileReference; lastKnownFileType = sourcecode.swift; path = URLSessionPinningDelegate.swift; sourceTree = "<group>"; };
		A9E4C6322064F55F007735E1 /* OperationWithType.swift */ = {isa = PBXFileReference; lastKnownFileType = sourcecode.swift; path = OperationWithType.swift; sourceTree = "<group>"; };
		A9E575A920AD82ED003E91B4 /* AppKeys.plist */ = {isa = PBXFileReference; fileEncoding = 4; lastKnownFileType = text.plist.xml; path = AppKeys.plist; sourceTree = "<group>"; };
		E638201F4A9B805667B6B1D1 /* JSONDownloadable.swift */ = {isa = PBXFileReference; fileEncoding = 4; lastKnownFileType = sourcecode.swift; path = JSONDownloadable.swift; sourceTree = "<group>"; };
		E6382132FEE6D5DAB8270707 /* CurrentDateTime.swift */ = {isa = PBXFileReference; fileEncoding = 4; lastKnownFileType = sourcecode.swift; path = CurrentDateTime.swift; sourceTree = "<group>"; };
		E638217124D04DC7A8288430 /* BaseOperation.swift */ = {isa = PBXFileReference; fileEncoding = 4; lastKnownFileType = sourcecode.swift; path = BaseOperation.swift; sourceTree = "<group>"; };
		E63821721770246A2EEE4BEB /* NumberExtensions.swift */ = {isa = PBXFileReference; fileEncoding = 4; lastKnownFileType = sourcecode.swift; path = NumberExtensions.swift; sourceTree = "<group>"; };
		E638222091888F5E24B285C8 /* ImageCache.swift */ = {isa = PBXFileReference; fileEncoding = 4; lastKnownFileType = sourcecode.swift; path = ImageCache.swift; sourceTree = "<group>"; };
		E63822A5C4C268A73394C4A8 /* Info.plist */ = {isa = PBXFileReference; fileEncoding = 4; lastKnownFileType = text.plist.info; path = Info.plist; sourceTree = "<group>"; };
		E63823337456B752B372C462 /* NetworkDownloadable.swift */ = {isa = PBXFileReference; fileEncoding = 4; lastKnownFileType = sourcecode.swift; path = NetworkDownloadable.swift; sourceTree = "<group>"; };
		E638240EE40B0E69C9769BCC /* CollectionExtensions.swift */ = {isa = PBXFileReference; fileEncoding = 4; lastKnownFileType = sourcecode.swift; path = CollectionExtensions.swift; sourceTree = "<group>"; };
		E638244E34B1FFABBE5C8066 /* GifExtractor.swift */ = {isa = PBXFileReference; fileEncoding = 4; lastKnownFileType = sourcecode.swift; path = GifExtractor.swift; sourceTree = "<group>"; };
		E6382488EAD8E235300DECE8 /* NetworkParameterType.swift */ = {isa = PBXFileReference; fileEncoding = 4; lastKnownFileType = sourcecode.swift; path = NetworkParameterType.swift; sourceTree = "<group>"; };
		E63824BF4C88FBF8B4DB2665 /* DateExtensions.swift */ = {isa = PBXFileReference; fileEncoding = 4; lastKnownFileType = sourcecode.swift; path = DateExtensions.swift; sourceTree = "<group>"; };
		E63824D493802DF10076CB1F /* Queue.swift */ = {isa = PBXFileReference; fileEncoding = 4; lastKnownFileType = sourcecode.swift; path = Queue.swift; sourceTree = "<group>"; };
		E63824D7918342D59C03FCEC /* LinkList.swift */ = {isa = PBXFileReference; fileEncoding = 4; lastKnownFileType = sourcecode.swift; path = LinkList.swift; sourceTree = "<group>"; };
		E6382594E62CEF6138C665FD /* ScrollViewExtensions.swift */ = {isa = PBXFileReference; fileEncoding = 4; lastKnownFileType = sourcecode.swift; path = ScrollViewExtensions.swift; sourceTree = "<group>"; };
		E63825BD8B8EB9D99BFF6E52 /* StringBuilder.swift */ = {isa = PBXFileReference; fileEncoding = 4; lastKnownFileType = sourcecode.swift; path = StringBuilder.swift; sourceTree = "<group>"; };
		E63825DD573AAF519D5C43E2 /* StringExtensions.swift */ = {isa = PBXFileReference; fileEncoding = 4; lastKnownFileType = sourcecode.swift; path = StringExtensions.swift; sourceTree = "<group>"; };
		E63826032B758FBCB68E8C0A /* NavigationBarExtensions.swift */ = {isa = PBXFileReference; fileEncoding = 4; lastKnownFileType = sourcecode.swift; path = NavigationBarExtensions.swift; sourceTree = "<group>"; };
		E63826B0F14639C38C3A3052 /* LocalExtensions.swift */ = {isa = PBXFileReference; fileEncoding = 4; lastKnownFileType = sourcecode.swift; path = LocalExtensions.swift; sourceTree = "<group>"; };
		E63827CA348DC54EDA8D1D69 /* MKCoordinateRegionExtensions.swift */ = {isa = PBXFileReference; fileEncoding = 4; lastKnownFileType = sourcecode.swift; path = MKCoordinateRegionExtensions.swift; sourceTree = "<group>"; };
		E63827E2B016FB3128497FEC /* CoordinateBoundaries.swift */ = {isa = PBXFileReference; fileEncoding = 4; lastKnownFileType = sourcecode.swift; path = CoordinateBoundaries.swift; sourceTree = "<group>"; };
		E63827F8D8E1521CBF91C794 /* ForegroundNotification.swift */ = {isa = PBXFileReference; fileEncoding = 4; lastKnownFileType = sourcecode.swift; path = ForegroundNotification.swift; sourceTree = "<group>"; };
		E638281140B545331D1D11C5 /* UIViewExtensions.swift */ = {isa = PBXFileReference; fileEncoding = 4; lastKnownFileType = sourcecode.swift; path = UIViewExtensions.swift; sourceTree = "<group>"; };
		E6382951D445D72906C275F7 /* UIImageExtensions.swift */ = {isa = PBXFileReference; fileEncoding = 4; lastKnownFileType = sourcecode.swift; path = UIImageExtensions.swift; sourceTree = "<group>"; };
		E6382975ADF9F875F89B5224 /* FileManagerExtensions.swift */ = {isa = PBXFileReference; fileEncoding = 4; lastKnownFileType = sourcecode.swift; path = FileManagerExtensions.swift; sourceTree = "<group>"; };
		E6382A05CD63F45A3F63AB4E /* NotificationMessageView.swift */ = {isa = PBXFileReference; fileEncoding = 4; lastKnownFileType = sourcecode.swift; path = NotificationMessageView.swift; sourceTree = "<group>"; };
		E6382A1FEA4424A44EEA1DA1 /* ClosureTypes.swift */ = {isa = PBXFileReference; fileEncoding = 4; lastKnownFileType = sourcecode.swift; path = ClosureTypes.swift; sourceTree = "<group>"; };
		E6382A47A433272D3C296340 /* Platform.swift */ = {isa = PBXFileReference; fileEncoding = 4; lastKnownFileType = sourcecode.swift; path = Platform.swift; sourceTree = "<group>"; };
		E6382B9053C8917FCC9D5707 /* ImageDownloadable.swift */ = {isa = PBXFileReference; fileEncoding = 4; lastKnownFileType = sourcecode.swift; path = ImageDownloadable.swift; sourceTree = "<group>"; };
		E6382BAA186B5807200ED203 /* NSURLParameters.swift */ = {isa = PBXFileReference; fileEncoding = 4; lastKnownFileType = sourcecode.swift; path = NSURLParameters.swift; sourceTree = "<group>"; };
		E6382C1AA0142F475A54A631 /* SpearSwiftLib.h */ = {isa = PBXFileReference; fileEncoding = 4; lastKnownFileType = sourcecode.c.h; path = SpearSwiftLib.h; sourceTree = "<group>"; };
		E6382CEF98D01D84D83D47A0 /* NetworkDownloader.swift */ = {isa = PBXFileReference; fileEncoding = 4; lastKnownFileType = sourcecode.swift; path = NetworkDownloader.swift; sourceTree = "<group>"; };
		E6382D136BBABE576A7ECFD3 /* CurrentLocationPermissionRequestor.swift */ = {isa = PBXFileReference; fileEncoding = 4; lastKnownFileType = sourcecode.swift; path = CurrentLocationPermissionRequestor.swift; sourceTree = "<group>"; };
		E6382D57CB2CC0C6436536CF /* UIView+Animations.swift */ = {isa = PBXFileReference; fileEncoding = 4; lastKnownFileType = sourcecode.swift; path = "UIView+Animations.swift"; sourceTree = "<group>"; };
		E6382D6F3DA3A191E71CC1DC /* JSONDownloader.swift */ = {isa = PBXFileReference; fileEncoding = 4; lastKnownFileType = sourcecode.swift; path = JSONDownloader.swift; sourceTree = "<group>"; };
		E6382DAF767CBC864F764F7B /* BoundingBox.swift */ = {isa = PBXFileReference; fileEncoding = 4; lastKnownFileType = sourcecode.swift; path = BoundingBox.swift; sourceTree = "<group>"; };
		E6382DCD16D8A941299F08F3 /* RequestBuilder.swift */ = {isa = PBXFileReference; fileEncoding = 4; lastKnownFileType = sourcecode.swift; path = RequestBuilder.swift; sourceTree = "<group>"; };
		E6382DFC210ECAAB73928B17 /* Json.swift */ = {isa = PBXFileReference; fileEncoding = 4; lastKnownFileType = sourcecode.swift; path = Json.swift; sourceTree = "<group>"; };
		E6382E2D01ECC838D35133E9 /* ImageDownloader.swift */ = {isa = PBXFileReference; fileEncoding = 4; lastKnownFileType = sourcecode.swift; path = ImageDownloader.swift; sourceTree = "<group>"; };
/* End PBXFileReference section */

/* Begin PBXFrameworksBuildPhase section */
		A92B808820A8E5CE004139D3 /* Frameworks */ = {
			isa = PBXFrameworksBuildPhase;
			buildActionMask = 2147483647;
			files = (
			);
			runOnlyForDeploymentPostprocessing = 0;
		};
		A942A9821A9F251800C69271 /* Frameworks */ = {
			isa = PBXFrameworksBuildPhase;
			buildActionMask = 2147483647;
			files = (
			);
			runOnlyForDeploymentPostprocessing = 0;
		};
		A9503DE41ED6E1100011B5AF /* Frameworks */ = {
			isa = PBXFrameworksBuildPhase;
			buildActionMask = 2147483647;
			files = (
				A9503DEC1ED6E1100011B5AF /* SpearSwiftLib.framework in Frameworks */,
			);
			runOnlyForDeploymentPostprocessing = 0;
		};
/* End PBXFrameworksBuildPhase section */

/* Begin PBXGroup section */
		A928C072200A91C900F5743A /* UIKit */ = {
			isa = PBXGroup;
			children = (
				A950FD8721FDC554000EADF8 /* Extensions */,
				A928C073200A91E500F5743A /* StickyHeaderLayout.swift */,
				A9ADC6A6216136F000DECD69 /* UIView+Layout.swift */,
				A960FE6421DCBAD700323213 /* UIColorExtensions.swift */,
			);
			path = UIKit;
			sourceTree = "<group>";
		};
		A92B808D20A8E5CE004139D3 /* SpearSwiftLibmacOS */ = {
			isa = PBXGroup;
			children = (
				A92B808E20A8E5CE004139D3 /* SpearSwiftLibmacOS.h */,
				A92B808F20A8E5CE004139D3 /* Info.plist */,
			);
			path = SpearSwiftLibmacOS;
			sourceTree = "<group>";
		};
		A942A97C1A9F251800C69271 = {
			isa = PBXGroup;
			children = (
				A92AE980210CC40B00BA1B1D /* Log.swift */,
				A90BD31E20D2657000D705E0 /* CommonError.swift */,
				E638210CE122197B634B4A73 /* SpearSwiftLib */,
				A9A14CD81EE4804B00E1FAF7 /* SpearSwiftLibTests */,
				A9D9CE4B1C472D6C00D39DE3 /* SpearSwiftLibOSX */,
				A92B808D20A8E5CE004139D3 /* SpearSwiftLibmacOS */,
				A942A9871A9F251800C69271 /* Products */,
				A96EE60F1DB3B09C00E55997 /* Frameworks */,
			);
			sourceTree = "<group>";
			usesTabs = 1;
		};
		A942A9871A9F251800C69271 /* Products */ = {
			isa = PBXGroup;
			children = (
				A942A9861A9F251800C69271 /* SpearSwiftLib.framework */,
				A9503DE71ED6E1100011B5AF /* SpearSwiftLibTests.xctest */,
				A92B808C20A8E5CE004139D3 /* SpearSwiftLibmacOS.framework */,
			);
			name = Products;
			sourceTree = "<group>";
		};
		A950FD8721FDC554000EADF8 /* Extensions */ = {
			isa = PBXGroup;
			children = (
				E6382D57CB2CC0C6436536CF /* UIView+Animations.swift */,
				E6382951D445D72906C275F7 /* UIImageExtensions.swift */,
				A9653E111F1BFDA100404BDC /* UIViewControllerExtensions.swift */,
				E638281140B545331D1D11C5 /* UIViewExtensions.swift */,
			);
			path = Extensions;
			sourceTree = "<group>";
		};
		A96EE60F1DB3B09C00E55997 /* Frameworks */ = {
			isa = PBXGroup;
			children = (
				A9503DE11ED6DEAD0011B5AF /* SwiftyBeaver.framework */,
			);
			name = Frameworks;
			sourceTree = "<group>";
		};
		A97B76B31FCEC234002F8A40 /* LocationFinder */ = {
			isa = PBXGroup;
			children = (
				A97B76B41FCEC234002F8A40 /* LocationFinder.swift */,
				A97B76BA1FD00C09002F8A40 /* GeocodeFinder.swift */,
				A97B76C01FD2BB68002F8A40 /* LocationManageable.swift */,
			);
			path = LocationFinder;
			sourceTree = "<group>";
		};
		A99A985C223EDF72009587A9 /* CloudKit */ = {
			isa = PBXGroup;
			children = (
				A99A985D223EDF82009587A9 /* TableSync.swift */,
			);
			path = CloudKit;
			sourceTree = "<group>";
		};
		A9A14CD81EE4804B00E1FAF7 /* SpearSwiftLibTests */ = {
			isa = PBXGroup;
			children = (
				A9A14CDE1EE4804B00E1FAF7 /* Mocks */,
				A9A14CE01EE4804B00E1FAF7 /* Network */,
				A9A14CD91EE4804B00E1FAF7 /* ArrayTest.swift */,
				A9A14CDA1EE4804B00E1FAF7 /* BoundingBoxTest.swift */,
				A97C6D391EF6E06D00CE9629 /* CLLocationCoordinate2DExtensionsTest.swift */,
				A9A14CDB1EE4804B00E1FAF7 /* DateTest.swift */,
				A9A14CDC1EE4804B00E1FAF7 /* Info.plist */,
				A9A14CE21EE4804B00E1FAF7 /* OperationTest.swift */,
				A9A14CE31EE4804B00E1FAF7 /* StringBuilderTest.swift */,
				A9A14CE41EE4804B00E1FAF7 /* StringTests.swift */,
				A97B76B11FCEBBFF002F8A40 /* LocationFinderTest.swift */,
				A9C45C00205D0AD300514561 /* ObservableTest.swift */,
			);
			path = SpearSwiftLibTests;
			sourceTree = "<group>";
		};
		A9A14CDE1EE4804B00E1FAF7 /* Mocks */ = {
			isa = PBXGroup;
			children = (
				A9A14CDF1EE4804B00E1FAF7 /* NetworkDownloadableMock.swift */,
				A9A14CF91EE4850C00E1FAF7 /* RequestBuildableMock.swift */,
				A97B76BC1FD012DF002F8A40 /* GeocodeFinderFake.swift */,
				A9C8A4461FD2DD520069CC27 /* LocationManageableFake.swift */,
				A957F6381FD4115100A49ACB /* LocationFindableFake.swift */,
				A961CD692085F53800EEFE73 /* CurrentLocationPermissionStatusFake.swift */,
			);
			path = Mocks;
			sourceTree = "<group>";
		};
		A9A14CE01EE4804B00E1FAF7 /* Network */ = {
			isa = PBXGroup;
			children = (
				A9A14CE11EE4804B00E1FAF7 /* JsonDownloaderTest.swift */,
			);
			path = Network;
			sourceTree = "<group>";
		};
		A9D5AC88204C217300BEAA75 /* Notifications */ = {
			isa = PBXGroup;
			children = (
				A9D5AC89204C218800BEAA75 /* BaseNotification.swift */,
				A9D5AC8B204C21B400BEAA75 /* DeviceOrientationChangedNotification.swift */,
			);
			path = Notifications;
			sourceTree = "<group>";
		};
		A9D9CE4B1C472D6C00D39DE3 /* SpearSwiftLibOSX */ = {
			isa = PBXGroup;
			children = (
				A9D9CE4C1C472D6C00D39DE3 /* SpearSwiftLibOSX.h */,
				A9D9CE4E1C472D6C00D39DE3 /* Info.plist */,
			);
			path = SpearSwiftLibOSX;
			sourceTree = "<group>";
		};
		E6382097358E63E4FAF9EA73 /* Supporting Files */ = {
			isa = PBXGroup;
			children = (
				E63822A5C4C268A73394C4A8 /* Info.plist */,
			);
			name = "Supporting Files";
			sourceTree = "<group>";
		};
		E638210CE122197B634B4A73 /* SpearSwiftLib */ = {
			isa = PBXGroup;
			children = (
				A99A985C223EDF72009587A9 /* CloudKit */,
				E6382C67407362707E839FD1 /* Extensions */,
				E638220E4C39877F55761B2A /* JSON */,
				A97B76B31FCEC234002F8A40 /* LocationFinder */,
				E6382C578CA904338A12CF4E /* Network */,
				A9D5AC88204C217300BEAA75 /* Notifications */,
				E6382CAB2E982CDCCFC46B64 /* Operations */,
				A928C072200A91C900F5743A /* UIKit */,
				E6382097358E63E4FAF9EA73 /* Supporting Files */,
				A9E575A920AD82ED003E91B4 /* AppKeys.plist */,
				E6382DAF767CBC864F764F7B /* BoundingBox.swift */,
				E6382A1FEA4424A44EEA1DA1 /* ClosureTypes.swift */,
				E63827E2B016FB3128497FEC /* CoordinateBoundaries.swift */,
				E6382132FEE6D5DAB8270707 /* CurrentDateTime.swift */,
				E6382D136BBABE576A7ECFD3 /* CurrentLocationPermissionRequestor.swift */,
				A961CD672085EA7B00EEFE73 /* CurrnetLocationPermissionStatus.swift */,
				A9D01DE51F30733F007F7A74 /* DateFormatters.swift */,
				A9C45BFE205BBFBE00514561 /* Disposable.swift */,
				E63827F8D8E1521CBF91C794 /* ForegroundNotification.swift */,
				E638244E34B1FFABBE5C8066 /* GifExtractor.swift */,
				E638222091888F5E24B285C8 /* ImageCache.swift */,
				E63824D7918342D59C03FCEC /* LinkList.swift */,
				E6382A05CD63F45A3F63AB4E /* NotificationMessageView.swift */,
				A96CB5FE2060ED16004D509D /* NSPointerArrayExtensions.swift */,
				E6382BAA186B5807200ED203 /* NSURLParameters.swift */,
				A9C162FB205BA2F30091F4C3 /* Observable.swift */,
				A9D7B069215F73FD00388595 /* ObservableEquatable.swift */,
				E6382A47A433272D3C296340 /* Platform.swift */,
				E63824D493802DF10076CB1F /* Queue.swift */,
				E6382C1AA0142F475A54A631 /* SpearSwiftLib.h */,
				E63825BD8B8EB9D99BFF6E52 /* StringBuilder.swift */,
				A92AE9772109C5C000BA1B1D /* SyncType.swift */,
				A9D7FA8A216A3E670077769A /* EventTrackable.swift */,
				A9A01A2021C3BF76009383A1 /* Decimal.swift */,
			);
			path = SpearSwiftLib;
			sourceTree = "<group>";
		};
		E638220E4C39877F55761B2A /* JSON */ = {
			isa = PBXGroup;
			children = (
				E6382DFC210ECAAB73928B17 /* Json.swift */,
			);
			path = JSON;
			sourceTree = "<group>";
		};
		E6382343CE967A855A88C391 /* Image */ = {
			isa = PBXGroup;
			children = (
				E6382B9053C8917FCC9D5707 /* ImageDownloadable.swift */,
				E6382E2D01ECC838D35133E9 /* ImageDownloader.swift */,
			);
			name = Image;
			sourceTree = "<group>";
		};
		E6382B650D3270E4201605F6 /* JSON */ = {
			isa = PBXGroup;
			children = (
				E638201F4A9B805667B6B1D1 /* JSONDownloadable.swift */,
				E6382D6F3DA3A191E71CC1DC /* JSONDownloader.swift */,
			);
			name = JSON;
			sourceTree = "<group>";
		};
		E6382C578CA904338A12CF4E /* Network */ = {
			isa = PBXGroup;
			children = (
				E6382343CE967A855A88C391 /* Image */,
				E6382B650D3270E4201605F6 /* JSON */,
				E6382488EAD8E235300DECE8 /* NetworkParameterType.swift */,
				E63823337456B752B372C462 /* NetworkDownloadable.swift */,
				E6382CEF98D01D84D83D47A0 /* NetworkDownloader.swift */,
				E6382DCD16D8A941299F08F3 /* RequestBuilder.swift */,
				A9611AF51EE7EBD80096154A /* GetRequest.swift */,
				A9DD450021B2BA9900C92DE8 /* URLSessionPinningDelegate.swift */,
			);
			path = Network;
			sourceTree = "<group>";
		};
		E6382C67407362707E839FD1 /* Extensions */ = {
			isa = PBXGroup;
			children = (
				A97C6D371EF6DD3E00CE9629 /* CLLocationCoordinate2DExtensions.swift */,
				E638240EE40B0E69C9769BCC /* CollectionExtensions.swift */,
				E63824BF4C88FBF8B4DB2665 /* DateExtensions.swift */,
				E6382975ADF9F875F89B5224 /* FileManagerExtensions.swift */,
				E63826B0F14639C38C3A3052 /* LocalExtensions.swift */,
				E63827CA348DC54EDA8D1D69 /* MKCoordinateRegionExtensions.swift */,
				E63826032B758FBCB68E8C0A /* NavigationBarExtensions.swift */,
				E63821721770246A2EEE4BEB /* NumberExtensions.swift */,
				E6382594E62CEF6138C665FD /* ScrollViewExtensions.swift */,
				E63825DD573AAF519D5C43E2 /* StringExtensions.swift */,
			);
			name = Extensions;
			sourceTree = "<group>";
		};
		E6382CAB2E982CDCCFC46B64 /* Operations */ = {
			isa = PBXGroup;
			children = (
				E638217124D04DC7A8288430 /* BaseOperation.swift */,
				A9E4C6322064F55F007735E1 /* OperationWithType.swift */,
				A937A8C5208889EF0089AA68 /* OperationWithClosure.swift */,
			);
			path = Operations;
			sourceTree = "<group>";
		};
/* End PBXGroup section */

/* Begin PBXHeadersBuildPhase section */
		A92B808920A8E5CE004139D3 /* Headers */ = {
			isa = PBXHeadersBuildPhase;
			buildActionMask = 2147483647;
			files = (
				A92B809020A8E5CE004139D3 /* SpearSwiftLibmacOS.h in Headers */,
			);
			runOnlyForDeploymentPostprocessing = 0;
		};
		A942A9831A9F251800C69271 /* Headers */ = {
			isa = PBXHeadersBuildPhase;
			buildActionMask = 2147483647;
			files = (
				E6382EC6DE90810A25741A60 /* SpearSwiftLib.h in Headers */,
			);
			runOnlyForDeploymentPostprocessing = 0;
		};
/* End PBXHeadersBuildPhase section */

/* Begin PBXNativeTarget section */
		A92B808B20A8E5CE004139D3 /* SpearSwiftLibmacOS */ = {
			isa = PBXNativeTarget;
			buildConfigurationList = A92B809320A8E5CE004139D3 /* Build configuration list for PBXNativeTarget "SpearSwiftLibmacOS" */;
			buildPhases = (
				A92B808720A8E5CE004139D3 /* Sources */,
				A92B808820A8E5CE004139D3 /* Frameworks */,
				A92B808920A8E5CE004139D3 /* Headers */,
				A92B808A20A8E5CE004139D3 /* Resources */,
			);
			buildRules = (
			);
			dependencies = (
			);
			name = SpearSwiftLibmacOS;
			productName = SpearSwiftLibmacOS;
			productReference = A92B808C20A8E5CE004139D3 /* SpearSwiftLibmacOS.framework */;
			productType = "com.apple.product-type.framework";
		};
		A942A9851A9F251800C69271 /* SpearSwiftLib */ = {
			isa = PBXNativeTarget;
			buildConfigurationList = A942A99C1A9F251900C69271 /* Build configuration list for PBXNativeTarget "SpearSwiftLib" */;
			buildPhases = (
				A942A9811A9F251800C69271 /* Sources */,
				A942A9821A9F251800C69271 /* Frameworks */,
				A942A9831A9F251800C69271 /* Headers */,
				A942A9841A9F251800C69271 /* Resources */,
			);
			buildRules = (
			);
			dependencies = (
			);
			name = SpearSwiftLib;
			productName = SpearSwiftLib;
			productReference = A942A9861A9F251800C69271 /* SpearSwiftLib.framework */;
			productType = "com.apple.product-type.framework";
		};
		A9503DE61ED6E1100011B5AF /* SpearSwiftLibTests */ = {
			isa = PBXNativeTarget;
			buildConfigurationList = A9503DEF1ED6E1100011B5AF /* Build configuration list for PBXNativeTarget "SpearSwiftLibTests" */;
			buildPhases = (
				A9503DE31ED6E1100011B5AF /* Sources */,
				A9503DE41ED6E1100011B5AF /* Frameworks */,
				A9503DE51ED6E1100011B5AF /* Resources */,
			);
			buildRules = (
			);
			dependencies = (
				A9503DEE1ED6E1100011B5AF /* PBXTargetDependency */,
			);
			name = SpearSwiftLibTests;
			productName = SpearSwiftLibTests;
			productReference = A9503DE71ED6E1100011B5AF /* SpearSwiftLibTests.xctest */;
			productType = "com.apple.product-type.bundle.unit-test";
		};
/* End PBXNativeTarget section */

/* Begin PBXProject section */
		A942A97D1A9F251800C69271 /* Project object */ = {
			isa = PBXProject;
			attributes = {
				LastSwiftMigration = 0700;
				LastSwiftUpdateCheck = 0830;
				LastUpgradeCheck = 1020;
				ORGANIZATIONNAME = spearware;
				TargetAttributes = {
					A92B808B20A8E5CE004139D3 = {
						CreatedOnToolsVersion = 9.3.1;
						DevelopmentTeam = FUNW4GUS24;
						ProvisioningStyle = Automatic;
					};
					A942A9851A9F251800C69271 = {
						CreatedOnToolsVersion = 6.1.1;
						LastSwiftMigration = 1020;
					};
					A9503DE61ED6E1100011B5AF = {
						CreatedOnToolsVersion = 8.3.2;
						DevelopmentTeam = FUNW4GUS24;
						LastSwiftMigration = 1020;
						ProvisioningStyle = Automatic;
					};
				};
			};
			buildConfigurationList = A942A9801A9F251800C69271 /* Build configuration list for PBXProject "SpearSwiftLib" */;
			compatibilityVersion = "Xcode 3.2";
			developmentRegion = en;
			hasScannedForEncodings = 0;
			knownRegions = (
				en,
				Base,
			);
			mainGroup = A942A97C1A9F251800C69271;
			productRefGroup = A942A9871A9F251800C69271 /* Products */;
			projectDirPath = "";
			projectRoot = "";
			targets = (
				A942A9851A9F251800C69271 /* SpearSwiftLib */,
				A9503DE61ED6E1100011B5AF /* SpearSwiftLibTests */,
				A92B808B20A8E5CE004139D3 /* SpearSwiftLibmacOS */,
			);
		};
/* End PBXProject section */

/* Begin PBXResourcesBuildPhase section */
		A92B808A20A8E5CE004139D3 /* Resources */ = {
			isa = PBXResourcesBuildPhase;
			buildActionMask = 2147483647;
			files = (
			);
			runOnlyForDeploymentPostprocessing = 0;
		};
		A942A9841A9F251800C69271 /* Resources */ = {
			isa = PBXResourcesBuildPhase;
			buildActionMask = 2147483647;
			files = (
				A9E575AA20AD82ED003E91B4 /* AppKeys.plist in Resources */,
			);
			runOnlyForDeploymentPostprocessing = 0;
		};
		A9503DE51ED6E1100011B5AF /* Resources */ = {
			isa = PBXResourcesBuildPhase;
			buildActionMask = 2147483647;
			files = (
			);
			runOnlyForDeploymentPostprocessing = 0;
		};
/* End PBXResourcesBuildPhase section */

/* Begin PBXSourcesBuildPhase section */
		A92B808720A8E5CE004139D3 /* Sources */ = {
			isa = PBXSourcesBuildPhase;
			buildActionMask = 2147483647;
			files = (
				A92B809C20A8E6C4004139D3 /* Json.swift in Sources */,
				A92B809A20A8E644004139D3 /* JSONDownloader.swift in Sources */,
				A941586C20A8E87B00202F1B /* NSPointerArrayExtensions.swift in Sources */,
				A92B809420A8E609004139D3 /* NetworkDownloadable.swift in Sources */,
				A92B809820A8E637004139D3 /* NetworkParameterType.swift in Sources */,
				A92B809520A8E61B004139D3 /* RequestBuilder.swift in Sources */,
				A9573A8D20AADA0B0078501A /* DateFormatters.swift in Sources */,
				A92B809920A8E63F004139D3 /* JSONDownloadable.swift in Sources */,
				A92B809D20A8E74A004139D3 /* Observable.swift in Sources */,
				A99B282620A8EE04000601BB /* NSURLParameters.swift in Sources */,
				A92B809620A8E623004139D3 /* GetRequest.swift in Sources */,
				A941586720A8E7AB00202F1B /* Disposable.swift in Sources */,
				A92B809720A8E62B004139D3 /* NetworkDownloader.swift in Sources */,
				A92B809B20A8E6B1004139D3 /* ClosureTypes.swift in Sources */,
			);
			runOnlyForDeploymentPostprocessing = 0;
		};
		A942A9811A9F251800C69271 /* Sources */ = {
			isa = PBXSourcesBuildPhase;
			buildActionMask = 2147483647;
			files = (
				E6382996D24541FF5E7FE8D1 /* CollectionExtensions.swift in Sources */,
				A9D5AC8A204C218800BEAA75 /* BaseNotification.swift in Sources */,
				E6382ED5D7CA5ED578917FA1 /* DateExtensions.swift in Sources */,
				A9C162FC205BA2F30091F4C3 /* Observable.swift in Sources */,
				A9C45BFF205BBFBE00514561 /* Disposable.swift in Sources */,
				E63822B759494C70E92F7E77 /* FileManagerExtensions.swift in Sources */,
				E63829D7CB4D53692A2DB1CD /* LocalExtensions.swift in Sources */,
				A928C074200A91E500F5743A /* StickyHeaderLayout.swift in Sources */,
				A9D01DE61F30733F007F7A74 /* DateFormatters.swift in Sources */,
				E638218B9054A7D862B56367 /* ScrollViewExtensions.swift in Sources */,
				A92AE9782109C5C000BA1B1D /* SyncType.swift in Sources */,
				E6382115C8363969E4C75210 /* StringExtensions.swift in Sources */,
				E63826377CA5ED6CD53F4054 /* NumberExtensions.swift in Sources */,
				A97B76C11FD2BB68002F8A40 /* LocationManageable.swift in Sources */,
				A92AE981210CC40B00BA1B1D /* Log.swift in Sources */,
				E6382EB48608F84BE9ABE531 /* NavigationBarExtensions.swift in Sources */,
				E63829F5B464D8486D0B5324 /* MKCoordinateRegionExtensions.swift in Sources */,
				A90BD31F20D2657000D705E0 /* CommonError.swift in Sources */,
				E6382BCD76C929D4B1CEDF36 /* UIImageExtensions.swift in Sources */,
				E6382FFFDE2A5FFEEEE57A01 /* UIViewExtensions.swift in Sources */,
				A937A8C6208889EF0089AA68 /* OperationWithClosure.swift in Sources */,
				E6382FFC99CF5DC5734244AE /* UIView+Animations.swift in Sources */,
				A9DD450121B2BA9900C92DE8 /* URLSessionPinningDelegate.swift in Sources */,
				A9653E121F1BFDA100404BDC /* UIViewControllerExtensions.swift in Sources */,
				A9D7B06A215F73FD00388595 /* ObservableEquatable.swift in Sources */,
				E638211AAE27D2B1400A05E6 /* Json.swift in Sources */,
				E638272FEFEBB94CFEE02BB1 /* BaseOperation.swift in Sources */,
				A9611AF61EE7EBD80096154A /* GetRequest.swift in Sources */,
				A9A01A2121C3BF76009383A1 /* Decimal.swift in Sources */,
				E6382071064046B909E5675E /* BoundingBox.swift in Sources */,
				E6382688A9AB20D46AB5FF4E /* ClosureTypes.swift in Sources */,
				E6382CA68B2E500000E60510 /* CoordinateBoundaries.swift in Sources */,
				E6382084021E0D17E2AFEEB1 /* CurrentDateTime.swift in Sources */,
				E63823907A2E6FC054C9BB2A /* CurrentLocationPermissionRequestor.swift in Sources */,
				E6382695823D315D47B411FA /* ForegroundNotification.swift in Sources */,
				A960FE6521DCBAD700323213 /* UIColorExtensions.swift in Sources */,
				E6382F95F9D960B08EAAE58B /* GifExtractor.swift in Sources */,
				E6382849D833393FFA14B30F /* ImageCache.swift in Sources */,
				E63825DC73D0E5D8DBAEEEBE /* LinkList.swift in Sources */,
				E638250509C7F81A6F885948 /* NotificationMessageView.swift in Sources */,
				E638255C63D83775B55E645B /* NSURLParameters.swift in Sources */,
				A97C6D381EF6DD3E00CE9629 /* CLLocationCoordinate2DExtensions.swift in Sources */,
				A9D5AC8C204C21B400BEAA75 /* DeviceOrientationChangedNotification.swift in Sources */,
				A9D7FA8B216A3E670077769A /* EventTrackable.swift in Sources */,
				A9ADC6A7216136F000DECD69 /* UIView+Layout.swift in Sources */,
				E6382098F0F0DEA735B346F9 /* Platform.swift in Sources */,
				E6382B6664E3968A2F2EDE0D /* Queue.swift in Sources */,
				E63820D41AE3C8A2A5D6F527 /* StringBuilder.swift in Sources */,
				E6382548CAB377F4029D854C /* NetworkParameterType.swift in Sources */,
				A9E4C6332064F55F007735E1 /* OperationWithType.swift in Sources */,
				E6382488D8E292E2CF93B10F /* NetworkDownloadable.swift in Sources */,
				E63824A90C85F100812A9C27 /* NetworkDownloader.swift in Sources */,
				E63821430DA6273A46C8EF51 /* ImageDownloadable.swift in Sources */,
				A99A985E223EDF82009587A9 /* TableSync.swift in Sources */,
				A96CB5FF2060ED16004D509D /* NSPointerArrayExtensions.swift in Sources */,
				A97B76BB1FD00C09002F8A40 /* GeocodeFinder.swift in Sources */,
				E6382120B10ED5F42BAD2ACA /* ImageDownloader.swift in Sources */,
				E63828F97F9F836663C0F919 /* JSONDownloadable.swift in Sources */,
				E6382AE94B745E00D06D2DCB /* JSONDownloader.swift in Sources */,
				A97B76B51FCEC234002F8A40 /* LocationFinder.swift in Sources */,
				A961CD682085EA7B00EEFE73 /* CurrnetLocationPermissionStatus.swift in Sources */,
				E638247E684B79425FF5896B /* RequestBuilder.swift in Sources */,
			);
			runOnlyForDeploymentPostprocessing = 0;
		};
		A9503DE31ED6E1100011B5AF /* Sources */ = {
			isa = PBXSourcesBuildPhase;
			buildActionMask = 2147483647;
			files = (
				A957F6391FD4115100A49ACB /* LocationFindableFake.swift in Sources */,
				A9A14CF11EE480F400E1FAF7 /* StringTests.swift in Sources */,
				A9A14CF61EE4811B00E1FAF7 /* DateTest.swift in Sources */,
				A9A14CF01EE480AD00E1FAF7 /* ArrayTest.swift in Sources */,
				A9C45C01205D0AD300514561 /* ObservableTest.swift in Sources */,
				A97C6D3A1EF6E06D00CE9629 /* CLLocationCoordinate2DExtensionsTest.swift in Sources */,
				A9A14CFA1EE4850C00E1FAF7 /* RequestBuildableMock.swift in Sources */,
				A9A14CF51EE4810A00E1FAF7 /* NetworkDownloadableMock.swift in Sources */,
				A9A14CF41EE4810600E1FAF7 /* JsonDownloaderTest.swift in Sources */,
				A97C6D3B1EF6E08200CE9629 /* CLLocationCoordinate2DExtensions.swift in Sources */,
				A97B76B21FCEBBFF002F8A40 /* LocationFinderTest.swift in Sources */,
				A97B76BD1FD012DF002F8A40 /* GeocodeFinderFake.swift in Sources */,
				A9A14CF21EE4810000E1FAF7 /* StringBuilderTest.swift in Sources */,
				A961CD6A2085F53800EEFE73 /* CurrentLocationPermissionStatusFake.swift in Sources */,
				A9A14CF31EE4810200E1FAF7 /* OperationTest.swift in Sources */,
				A9C8A4471FD2DD520069CC27 /* LocationManageableFake.swift in Sources */,
				A9A14CF71EE4811E00E1FAF7 /* BoundingBoxTest.swift in Sources */,
			);
			runOnlyForDeploymentPostprocessing = 0;
		};
/* End PBXSourcesBuildPhase section */

/* Begin PBXTargetDependency section */
		A9503DEE1ED6E1100011B5AF /* PBXTargetDependency */ = {
			isa = PBXTargetDependency;
			target = A942A9851A9F251800C69271 /* SpearSwiftLib */;
			targetProxy = A9503DED1ED6E1100011B5AF /* PBXContainerItemProxy */;
		};
/* End PBXTargetDependency section */

/* Begin XCBuildConfiguration section */
		A92B809120A8E5CE004139D3 /* Debug */ = {
			isa = XCBuildConfiguration;
			buildSettings = {
				CLANG_ANALYZER_NONNULL = YES;
				CLANG_ANALYZER_NUMBER_OBJECT_CONVERSION = YES_AGGRESSIVE;
				CLANG_CXX_LANGUAGE_STANDARD = "gnu++14";
				CLANG_ENABLE_OBJC_WEAK = YES;
				CLANG_WARN_DOCUMENTATION_COMMENTS = YES;
				CLANG_WARN_UNGUARDED_AVAILABILITY = YES_AGGRESSIVE;
				CODE_SIGN_IDENTITY = "";
				CODE_SIGN_STYLE = Automatic;
				COMBINE_HIDPI_IMAGES = YES;
				DEBUG_INFORMATION_FORMAT = dwarf;
				DEFINES_MODULE = YES;
				DEVELOPMENT_TEAM = FUNW4GUS24;
				DYLIB_COMPATIBILITY_VERSION = 1;
				DYLIB_CURRENT_VERSION = 1;
				DYLIB_INSTALL_NAME_BASE = "@rpath";
				FRAMEWORK_VERSION = A;
				GCC_C_LANGUAGE_STANDARD = gnu11;
				INFOPLIST_FILE = SpearSwiftLibmacOS/Info.plist;
				INSTALL_PATH = "$(LOCAL_LIBRARY_DIR)/Frameworks";
				LD_RUNPATH_SEARCH_PATHS = "$(inherited) @executable_path/../Frameworks @loader_path/Frameworks";
				MACOSX_DEPLOYMENT_TARGET = 10.13;
				PRODUCT_BUNDLE_IDENTIFIER = com.spearware.SpearSwiftLibmacOS;
				PRODUCT_NAME = "$(TARGET_NAME:c99extidentifier)";
				SDKROOT = macosx;
				SKIP_INSTALL = YES;
				SWIFT_ACTIVE_COMPILATION_CONDITIONS = DEBUG;
				SWIFT_VERSION = 4.0;
			};
			name = Debug;
		};
		A92B809220A8E5CE004139D3 /* Release */ = {
			isa = XCBuildConfiguration;
			buildSettings = {
				CLANG_ANALYZER_NONNULL = YES;
				CLANG_ANALYZER_NUMBER_OBJECT_CONVERSION = YES_AGGRESSIVE;
				CLANG_CXX_LANGUAGE_STANDARD = "gnu++14";
				CLANG_ENABLE_OBJC_WEAK = YES;
				CLANG_WARN_DOCUMENTATION_COMMENTS = YES;
				CLANG_WARN_UNGUARDED_AVAILABILITY = YES_AGGRESSIVE;
				CODE_SIGN_IDENTITY = "";
				CODE_SIGN_STYLE = Automatic;
				COMBINE_HIDPI_IMAGES = YES;
				COPY_PHASE_STRIP = NO;
				DEBUG_INFORMATION_FORMAT = "dwarf-with-dsym";
				DEFINES_MODULE = YES;
				DEVELOPMENT_TEAM = FUNW4GUS24;
				DYLIB_COMPATIBILITY_VERSION = 1;
				DYLIB_CURRENT_VERSION = 1;
				DYLIB_INSTALL_NAME_BASE = "@rpath";
				FRAMEWORK_VERSION = A;
				GCC_C_LANGUAGE_STANDARD = gnu11;
				INFOPLIST_FILE = SpearSwiftLibmacOS/Info.plist;
				INSTALL_PATH = "$(LOCAL_LIBRARY_DIR)/Frameworks";
				LD_RUNPATH_SEARCH_PATHS = "$(inherited) @executable_path/../Frameworks @loader_path/Frameworks";
				MACOSX_DEPLOYMENT_TARGET = 10.13;
				PRODUCT_BUNDLE_IDENTIFIER = com.spearware.SpearSwiftLibmacOS;
				PRODUCT_NAME = "$(TARGET_NAME:c99extidentifier)";
				SDKROOT = macosx;
				SKIP_INSTALL = YES;
				SWIFT_OPTIMIZATION_LEVEL = "-Owholemodule";
				SWIFT_VERSION = 4.0;
			};
			name = Release;
		};
		A942A99A1A9F251900C69271 /* Debug */ = {
			isa = XCBuildConfiguration;
			buildSettings = {
				ALWAYS_SEARCH_USER_PATHS = NO;
				CLANG_ANALYZER_LOCALIZABILITY_NONLOCALIZED = YES;
				CLANG_CXX_LANGUAGE_STANDARD = "gnu++0x";
				CLANG_CXX_LIBRARY = "libc++";
				CLANG_ENABLE_MODULES = YES;
				CLANG_ENABLE_OBJC_ARC = YES;
				CLANG_WARN_BLOCK_CAPTURE_AUTORELEASING = YES;
				CLANG_WARN_BOOL_CONVERSION = YES;
				CLANG_WARN_COMMA = YES;
				CLANG_WARN_CONSTANT_CONVERSION = YES;
				CLANG_WARN_DEPRECATED_OBJC_IMPLEMENTATIONS = YES;
				CLANG_WARN_DIRECT_OBJC_ISA_USAGE = YES_ERROR;
				CLANG_WARN_EMPTY_BODY = YES;
				CLANG_WARN_ENUM_CONVERSION = YES;
				CLANG_WARN_INFINITE_RECURSION = YES;
				CLANG_WARN_INT_CONVERSION = YES;
				CLANG_WARN_NON_LITERAL_NULL_CONVERSION = YES;
				CLANG_WARN_OBJC_IMPLICIT_RETAIN_SELF = YES;
				CLANG_WARN_OBJC_LITERAL_CONVERSION = YES;
				CLANG_WARN_OBJC_ROOT_CLASS = YES_ERROR;
				CLANG_WARN_RANGE_LOOP_ANALYSIS = YES;
				CLANG_WARN_STRICT_PROTOTYPES = YES;
				CLANG_WARN_SUSPICIOUS_MOVE = YES;
				CLANG_WARN_UNREACHABLE_CODE = YES;
				CLANG_WARN__DUPLICATE_METHOD_MATCH = YES;
				"CODE_SIGN_IDENTITY[sdk=iphoneos*]" = "iPhone Developer";
				COPY_PHASE_STRIP = NO;
				CURRENT_PROJECT_VERSION = 1;
				ENABLE_STRICT_OBJC_MSGSEND = YES;
				ENABLE_TESTABILITY = YES;
				GCC_C_LANGUAGE_STANDARD = gnu99;
				GCC_DYNAMIC_NO_PIC = NO;
				GCC_NO_COMMON_BLOCKS = YES;
				GCC_OPTIMIZATION_LEVEL = 0;
				GCC_PREPROCESSOR_DEFINITIONS = (
					"DEBUG=1",
					"$(inherited)",
				);
				GCC_SYMBOLS_PRIVATE_EXTERN = NO;
				GCC_WARN_64_TO_32_BIT_CONVERSION = YES;
				GCC_WARN_ABOUT_RETURN_TYPE = YES_ERROR;
				GCC_WARN_UNDECLARED_SELECTOR = YES;
				GCC_WARN_UNINITIALIZED_AUTOS = YES_AGGRESSIVE;
				GCC_WARN_UNUSED_FUNCTION = YES;
				GCC_WARN_UNUSED_VARIABLE = YES;
				IPHONEOS_DEPLOYMENT_TARGET = 12.2;
				MTL_ENABLE_DEBUG_INFO = YES;
				ONLY_ACTIVE_ARCH = YES;
				SDKROOT = iphoneos;
				SWIFT_OPTIMIZATION_LEVEL = "-Onone";
				TARGETED_DEVICE_FAMILY = "1,2";
				VERSIONING_SYSTEM = "apple-generic";
				VERSION_INFO_PREFIX = "";
			};
			name = Debug;
		};
		A942A99B1A9F251900C69271 /* Release */ = {
			isa = XCBuildConfiguration;
			buildSettings = {
				ALWAYS_SEARCH_USER_PATHS = NO;
				CLANG_ANALYZER_LOCALIZABILITY_NONLOCALIZED = YES;
				CLANG_CXX_LANGUAGE_STANDARD = "gnu++0x";
				CLANG_CXX_LIBRARY = "libc++";
				CLANG_ENABLE_MODULES = YES;
				CLANG_ENABLE_OBJC_ARC = YES;
				CLANG_WARN_BLOCK_CAPTURE_AUTORELEASING = YES;
				CLANG_WARN_BOOL_CONVERSION = YES;
				CLANG_WARN_COMMA = YES;
				CLANG_WARN_CONSTANT_CONVERSION = YES;
				CLANG_WARN_DEPRECATED_OBJC_IMPLEMENTATIONS = YES;
				CLANG_WARN_DIRECT_OBJC_ISA_USAGE = YES_ERROR;
				CLANG_WARN_EMPTY_BODY = YES;
				CLANG_WARN_ENUM_CONVERSION = YES;
				CLANG_WARN_INFINITE_RECURSION = YES;
				CLANG_WARN_INT_CONVERSION = YES;
				CLANG_WARN_NON_LITERAL_NULL_CONVERSION = YES;
				CLANG_WARN_OBJC_IMPLICIT_RETAIN_SELF = YES;
				CLANG_WARN_OBJC_LITERAL_CONVERSION = YES;
				CLANG_WARN_OBJC_ROOT_CLASS = YES_ERROR;
				CLANG_WARN_RANGE_LOOP_ANALYSIS = YES;
				CLANG_WARN_STRICT_PROTOTYPES = YES;
				CLANG_WARN_SUSPICIOUS_MOVE = YES;
				CLANG_WARN_UNREACHABLE_CODE = YES;
				CLANG_WARN__DUPLICATE_METHOD_MATCH = YES;
				"CODE_SIGN_IDENTITY[sdk=iphoneos*]" = "iPhone Developer";
				COPY_PHASE_STRIP = YES;
				CURRENT_PROJECT_VERSION = 1;
				ENABLE_NS_ASSERTIONS = NO;
				ENABLE_STRICT_OBJC_MSGSEND = YES;
				GCC_C_LANGUAGE_STANDARD = gnu99;
				GCC_NO_COMMON_BLOCKS = YES;
				GCC_WARN_64_TO_32_BIT_CONVERSION = YES;
				GCC_WARN_ABOUT_RETURN_TYPE = YES_ERROR;
				GCC_WARN_UNDECLARED_SELECTOR = YES;
				GCC_WARN_UNINITIALIZED_AUTOS = YES_AGGRESSIVE;
				GCC_WARN_UNUSED_FUNCTION = YES;
				GCC_WARN_UNUSED_VARIABLE = YES;
				IPHONEOS_DEPLOYMENT_TARGET = 12.2;
				MTL_ENABLE_DEBUG_INFO = NO;
				SDKROOT = iphoneos;
				TARGETED_DEVICE_FAMILY = "1,2";
				VALIDATE_PRODUCT = YES;
				VERSIONING_SYSTEM = "apple-generic";
				VERSION_INFO_PREFIX = "";
			};
			name = Release;
		};
		A942A99D1A9F251900C69271 /* Debug */ = {
			isa = XCBuildConfiguration;
			buildSettings = {
				CLANG_ENABLE_MODULES = YES;
				"CODE_SIGN_IDENTITY[sdk=iphoneos*]" = "";
				DEFINES_MODULE = YES;
				DYLIB_COMPATIBILITY_VERSION = 1;
				DYLIB_CURRENT_VERSION = 1;
				DYLIB_INSTALL_NAME_BASE = "@rpath";
				FRAMEWORK_SEARCH_PATHS = "$(PROJECT_DIR)/Carthage/Build/iOS";
				INFOPLIST_FILE = SpearSwiftLib/Info.plist;
				INSTALL_PATH = "$(LOCAL_LIBRARY_DIR)/Frameworks";
				IPHONEOS_DEPLOYMENT_TARGET = 12.2;
				LD_RUNPATH_SEARCH_PATHS = "$(inherited) @executable_path/Frameworks @loader_path/Frameworks";
				ONLY_ACTIVE_ARCH = NO;
				OTHER_SWIFT_FLAGS = "-DDEBUG";
				"OTHER_SWIFT_FLAGS[sdk=iphonesimulator*]" = "-DIOS_SIMULATOR -DDEBUG";
				PRODUCT_BUNDLE_IDENTIFIER = "com.spearware.$(PRODUCT_NAME:rfc1034identifier)";
				PRODUCT_NAME = "$(TARGET_NAME)";
				SKIP_INSTALL = YES;
				SWIFT_OPTIMIZATION_LEVEL = "-Onone";
				SWIFT_VERSION = 5.0;
			};
			name = Debug;
		};
		A942A99E1A9F251900C69271 /* Release */ = {
			isa = XCBuildConfiguration;
			buildSettings = {
				CLANG_ENABLE_MODULES = YES;
				"CODE_SIGN_IDENTITY[sdk=iphoneos*]" = "";
				DEFINES_MODULE = YES;
				DYLIB_COMPATIBILITY_VERSION = 1;
				DYLIB_CURRENT_VERSION = 1;
				DYLIB_INSTALL_NAME_BASE = "@rpath";
				FRAMEWORK_SEARCH_PATHS = "$(PROJECT_DIR)/Carthage/Build/iOS";
				INFOPLIST_FILE = SpearSwiftLib/Info.plist;
				INSTALL_PATH = "$(LOCAL_LIBRARY_DIR)/Frameworks";
				IPHONEOS_DEPLOYMENT_TARGET = 12.2;
				LD_RUNPATH_SEARCH_PATHS = "$(inherited) @executable_path/Frameworks @loader_path/Frameworks";
				PRODUCT_BUNDLE_IDENTIFIER = "com.spearware.$(PRODUCT_NAME:rfc1034identifier)";
				PRODUCT_NAME = "$(TARGET_NAME)";
				SKIP_INSTALL = YES;
				SWIFT_OPTIMIZATION_LEVEL = "-Owholemodule";
				SWIFT_VERSION = 5.0;
			};
			name = Release;
		};
		A9503DF01ED6E1100011B5AF /* Debug */ = {
			isa = XCBuildConfiguration;
			buildSettings = {
				CLANG_ANALYZER_NONNULL = YES;
				CLANG_ANALYZER_NUMBER_OBJECT_CONVERSION = YES_AGGRESSIVE;
				CLANG_ENABLE_MODULES = YES;
				CLANG_WARN_DOCUMENTATION_COMMENTS = YES;
				DEBUG_INFORMATION_FORMAT = dwarf;
				DEVELOPMENT_TEAM = FUNW4GUS24;
				FRAMEWORK_SEARCH_PATHS = (
					"$(inherited)",
					"$(PROJECT_DIR)/Carthage/Build/iOS",
				);
				INFOPLIST_FILE = SpearSwiftLibTests/Info.plist;
				LD_RUNPATH_SEARCH_PATHS = "$(inherited) @executable_path/Frameworks @loader_path/Frameworks $(PROJECT_DIR)/Carthage/Build/iOS";
				OTHER_SWIFT_FLAGS = "";
				PRODUCT_BUNDLE_IDENTIFIER = com.spearware.thunderful.SpearSwiftLibTests;
				PRODUCT_NAME = "$(TARGET_NAME)";
				SWIFT_ACTIVE_COMPILATION_CONDITIONS = DEBUG;
				SWIFT_OPTIMIZATION_LEVEL = "-Onone";
				SWIFT_VERSION = 5.0;
			};
			name = Debug;
		};
		A9503DF11ED6E1100011B5AF /* Release */ = {
			isa = XCBuildConfiguration;
			buildSettings = {
				CLANG_ANALYZER_NONNULL = YES;
				CLANG_ANALYZER_NUMBER_OBJECT_CONVERSION = YES_AGGRESSIVE;
				CLANG_ENABLE_MODULES = YES;
				CLANG_WARN_DOCUMENTATION_COMMENTS = YES;
				COPY_PHASE_STRIP = NO;
				DEBUG_INFORMATION_FORMAT = "dwarf-with-dsym";
				DEVELOPMENT_TEAM = FUNW4GUS24;
				FRAMEWORK_SEARCH_PATHS = (
					"$(inherited)",
					"$(PROJECT_DIR)/Carthage/Build/iOS",
				);
				INFOPLIST_FILE = SpearSwiftLibTests/Info.plist;
				LD_RUNPATH_SEARCH_PATHS = "$(inherited) @executable_path/Frameworks @loader_path/Frameworks $(PROJECT_DIR)/Carthage/Build/iOS";
				OTHER_SWIFT_FLAGS = "";
				PRODUCT_BUNDLE_IDENTIFIER = com.spearware.thunderful.SpearSwiftLibTests;
				PRODUCT_NAME = "$(TARGET_NAME)";
				SWIFT_OPTIMIZATION_LEVEL = "-Owholemodule";
				SWIFT_VERSION = 5.0;
			};
			name = Release;
		};
/* End XCBuildConfiguration section */

/* Begin XCConfigurationList section */
		A92B809320A8E5CE004139D3 /* Build configuration list for PBXNativeTarget "SpearSwiftLibmacOS" */ = {
			isa = XCConfigurationList;
			buildConfigurations = (
				A92B809120A8E5CE004139D3 /* Debug */,
				A92B809220A8E5CE004139D3 /* Release */,
			);
			defaultConfigurationIsVisible = 0;
			defaultConfigurationName = Release;
		};
		A942A9801A9F251800C69271 /* Build configuration list for PBXProject "SpearSwiftLib" */ = {
			isa = XCConfigurationList;
			buildConfigurations = (
				A942A99A1A9F251900C69271 /* Debug */,
				A942A99B1A9F251900C69271 /* Release */,
			);
			defaultConfigurationIsVisible = 0;
			defaultConfigurationName = Release;
		};
		A942A99C1A9F251900C69271 /* Build configuration list for PBXNativeTarget "SpearSwiftLib" */ = {
			isa = XCConfigurationList;
			buildConfigurations = (
				A942A99D1A9F251900C69271 /* Debug */,
				A942A99E1A9F251900C69271 /* Release */,
			);
			defaultConfigurationIsVisible = 0;
			defaultConfigurationName = Release;
		};
		A9503DEF1ED6E1100011B5AF /* Build configuration list for PBXNativeTarget "SpearSwiftLibTests" */ = {
			isa = XCConfigurationList;
			buildConfigurations = (
				A9503DF01ED6E1100011B5AF /* Debug */,
				A9503DF11ED6E1100011B5AF /* Release */,
			);
			defaultConfigurationIsVisible = 0;
			defaultConfigurationName = Release;
		};
/* End XCConfigurationList section */
	};
	rootObject = A942A97D1A9F251800C69271 /* Project object */;
}
